// !$*UTF8*$!
{
	archiveVersion = 1;
	classes = {
	};
	objectVersion = 46;
	objects = {

/* Begin PBXBuildFile section */
		1FAAFB7F1BE85AEA007023B7 /* AppDelegate.swift in Sources */ = {isa = PBXBuildFile; fileRef = 1FAAFB7E1BE85AEA007023B7 /* AppDelegate.swift */; };
		1FAAFB841BE85AEA007023B7 /* Main.storyboard in Resources */ = {isa = PBXBuildFile; fileRef = 1FAAFB821BE85AEA007023B7 /* Main.storyboard */; };
		1FAAFB861BE85AEA007023B7 /* Assets.xcassets in Resources */ = {isa = PBXBuildFile; fileRef = 1FAAFB851BE85AEA007023B7 /* Assets.xcassets */; };
		1FAAFB941BE85AEB007023B7 /* SwiftSumTests.swift in Sources */ = {isa = PBXBuildFile; fileRef = 1FAAFB931BE85AEB007023B7 /* SwiftSumTests.swift */; };
		1FAAFB9F1BE85AEB007023B7 /* SwiftSumUITests.swift in Sources */ = {isa = PBXBuildFile; fileRef = 1FAAFB9E1BE85AEB007023B7 /* SwiftSumUITests.swift */; };
		1FAAFBAD1BE85BE5007023B7 /* BaseNavigationController.swift in Sources */ = {isa = PBXBuildFile; fileRef = 1FAAFBAC1BE85BE5007023B7 /* BaseNavigationController.swift */; };
		1FAAFBB21BE85C3C007023B7 /* YYBaseDemoController.swift in Sources */ = {isa = PBXBuildFile; fileRef = 1FAAFBB11BE85C3C007023B7 /* YYBaseDemoController.swift */; };
		1FAAFBB61BE87B31007023B7 /* SwiftLearnDemo.swift in Sources */ = {isa = PBXBuildFile; fileRef = 1FAAFBB51BE87B31007023B7 /* SwiftLearnDemo.swift */; };
		1FAAFBBB1BE8878A007023B7 /* UITableView+Extension.swift in Sources */ = {isa = PBXBuildFile; fileRef = 1FAAFBBA1BE8878A007023B7 /* UITableView+Extension.swift */; };
		1FAAFBBD1BE88829007023B7 /* TheBasicsDemo.swift in Sources */ = {isa = PBXBuildFile; fileRef = 1FAAFBBC1BE88829007023B7 /* TheBasicsDemo.swift */; };
/* End PBXBuildFile section */

/* Begin PBXContainerItemProxy section */
		1FAAFB901BE85AEB007023B7 /* PBXContainerItemProxy */ = {
			isa = PBXContainerItemProxy;
			containerPortal = 1FAAFB731BE85AEA007023B7 /* Project object */;
			proxyType = 1;
			remoteGlobalIDString = 1FAAFB7A1BE85AEA007023B7;
			remoteInfo = SwiftSum;
		};
		1FAAFB9B1BE85AEB007023B7 /* PBXContainerItemProxy */ = {
			isa = PBXContainerItemProxy;
			containerPortal = 1FAAFB731BE85AEA007023B7 /* Project object */;
			proxyType = 1;
			remoteGlobalIDString = 1FAAFB7A1BE85AEA007023B7;
			remoteInfo = SwiftSum;
		};
/* End PBXContainerItemProxy section */

/* Begin PBXFileReference section */
		1FAAFB7B1BE85AEA007023B7 /* SwiftSum.app */ = {isa = PBXFileReference; explicitFileType = wrapper.application; includeInIndex = 0; path = SwiftSum.app; sourceTree = BUILT_PRODUCTS_DIR; };
		1FAAFB7E1BE85AEA007023B7 /* AppDelegate.swift */ = {isa = PBXFileReference; lastKnownFileType = sourcecode.swift; path = AppDelegate.swift; sourceTree = "<group>"; };
		1FAAFB831BE85AEA007023B7 /* Base */ = {isa = PBXFileReference; lastKnownFileType = file.storyboard; name = Base; path = Base.lproj/Main.storyboard; sourceTree = "<group>"; };
		1FAAFB851BE85AEA007023B7 /* Assets.xcassets */ = {isa = PBXFileReference; lastKnownFileType = folder.assetcatalog; path = Assets.xcassets; sourceTree = "<group>"; };
		1FAAFB8A1BE85AEA007023B7 /* Info.plist */ = {isa = PBXFileReference; lastKnownFileType = text.plist.xml; path = Info.plist; sourceTree = "<group>"; };
		1FAAFB8F1BE85AEB007023B7 /* SwiftSumTests.xctest */ = {isa = PBXFileReference; explicitFileType = wrapper.cfbundle; includeInIndex = 0; path = SwiftSumTests.xctest; sourceTree = BUILT_PRODUCTS_DIR; };
		1FAAFB931BE85AEB007023B7 /* SwiftSumTests.swift */ = {isa = PBXFileReference; lastKnownFileType = sourcecode.swift; path = SwiftSumTests.swift; sourceTree = "<group>"; };
		1FAAFB951BE85AEB007023B7 /* Info.plist */ = {isa = PBXFileReference; lastKnownFileType = text.plist.xml; path = Info.plist; sourceTree = "<group>"; };
		1FAAFB9A1BE85AEB007023B7 /* SwiftSumUITests.xctest */ = {isa = PBXFileReference; explicitFileType = wrapper.cfbundle; includeInIndex = 0; path = SwiftSumUITests.xctest; sourceTree = BUILT_PRODUCTS_DIR; };
		1FAAFB9E1BE85AEB007023B7 /* SwiftSumUITests.swift */ = {isa = PBXFileReference; lastKnownFileType = sourcecode.swift; path = SwiftSumUITests.swift; sourceTree = "<group>"; };
		1FAAFBA01BE85AEB007023B7 /* Info.plist */ = {isa = PBXFileReference; lastKnownFileType = text.plist.xml; path = Info.plist; sourceTree = "<group>"; };
		1FAAFBAC1BE85BE5007023B7 /* BaseNavigationController.swift */ = {isa = PBXFileReference; fileEncoding = 4; lastKnownFileType = sourcecode.swift; path = BaseNavigationController.swift; sourceTree = "<group>"; };
		1FAAFBB11BE85C3C007023B7 /* YYBaseDemoController.swift */ = {isa = PBXFileReference; fileEncoding = 4; lastKnownFileType = sourcecode.swift; path = YYBaseDemoController.swift; sourceTree = "<group>"; };
		1FAAFBB51BE87B31007023B7 /* SwiftLearnDemo.swift */ = {isa = PBXFileReference; fileEncoding = 4; lastKnownFileType = sourcecode.swift; path = SwiftLearnDemo.swift; sourceTree = "<group>"; };
		1FAAFBBA1BE8878A007023B7 /* UITableView+Extension.swift */ = {isa = PBXFileReference; fileEncoding = 4; lastKnownFileType = sourcecode.swift; path = "UITableView+Extension.swift"; sourceTree = "<group>"; };
		1FAAFBBC1BE88829007023B7 /* TheBasicsDemo.swift */ = {isa = PBXFileReference; fileEncoding = 4; lastKnownFileType = sourcecode.swift; path = TheBasicsDemo.swift; sourceTree = "<group>"; };
/* End PBXFileReference section */

/* Begin PBXFrameworksBuildPhase section */
		1FAAFB781BE85AEA007023B7 /* Frameworks */ = {
			isa = PBXFrameworksBuildPhase;
			buildActionMask = 2147483647;
			files = (
			);
			runOnlyForDeploymentPostprocessing = 0;
		};
		1FAAFB8C1BE85AEB007023B7 /* Frameworks */ = {
			isa = PBXFrameworksBuildPhase;
			buildActionMask = 2147483647;
			files = (
			);
			runOnlyForDeploymentPostprocessing = 0;
		};
		1FAAFB971BE85AEB007023B7 /* Frameworks */ = {
			isa = PBXFrameworksBuildPhase;
			buildActionMask = 2147483647;
			files = (
			);
			runOnlyForDeploymentPostprocessing = 0;
		};
/* End PBXFrameworksBuildPhase section */

/* Begin PBXGroup section */
		1FAAFB721BE85AEA007023B7 = {
			isa = PBXGroup;
			children = (
				1FAAFB7D1BE85AEA007023B7 /* SwiftSum */,
				1FAAFB921BE85AEB007023B7 /* SwiftSumTests */,
				1FAAFB9D1BE85AEB007023B7 /* SwiftSumUITests */,
				1FAAFB7C1BE85AEA007023B7 /* Products */,
			);
			sourceTree = "<group>";
		};
		1FAAFB7C1BE85AEA007023B7 /* Products */ = {
			isa = PBXGroup;
			children = (
				1FAAFB7B1BE85AEA007023B7 /* SwiftSum.app */,
				1FAAFB8F1BE85AEB007023B7 /* SwiftSumTests.xctest */,
				1FAAFB9A1BE85AEB007023B7 /* SwiftSumUITests.xctest */,
			);
			name = Products;
			sourceTree = "<group>";
		};
		1FAAFB7D1BE85AEA007023B7 /* SwiftSum */ = {
			isa = PBXGroup;
			children = (
				1FAAFB7E1BE85AEA007023B7 /* AppDelegate.swift */,
				1FAAFB821BE85AEA007023B7 /* Main.storyboard */,
				1FAAFBB71BE8878A007023B7 /* Service */,
				1FAAFBAE1BE85BEB007023B7 /* Controller */,
				1FAAFB851BE85AEA007023B7 /* Assets.xcassets */,
				1FAAFB8A1BE85AEA007023B7 /* Info.plist */,
			);
			path = SwiftSum;
			sourceTree = "<group>";
		};
		1FAAFB921BE85AEB007023B7 /* SwiftSumTests */ = {
			isa = PBXGroup;
			children = (
				1FAAFB931BE85AEB007023B7 /* SwiftSumTests.swift */,
				1FAAFB951BE85AEB007023B7 /* Info.plist */,
			);
			path = SwiftSumTests;
			sourceTree = "<group>";
		};
		1FAAFB9D1BE85AEB007023B7 /* SwiftSumUITests */ = {
			isa = PBXGroup;
			children = (
				1FAAFB9E1BE85AEB007023B7 /* SwiftSumUITests.swift */,
				1FAAFBA01BE85AEB007023B7 /* Info.plist */,
			);
			path = SwiftSumUITests;
			sourceTree = "<group>";
		};
		1FAAFBAE1BE85BEB007023B7 /* Controller */ = {
			isa = PBXGroup;
			children = (
				1FAAFBAF1BE85BFE007023B7 /* BaseViewController */,
				1FAAFBB01BE85C14007023B7 /* SwiftLearn */,
			);
			path = Controller;
			sourceTree = "<group>";
		};
		1FAAFBAF1BE85BFE007023B7 /* BaseViewController */ = {
			isa = PBXGroup;
			children = (
				1FAAFBAC1BE85BE5007023B7 /* BaseNavigationController.swift */,
				1FAAFBB11BE85C3C007023B7 /* YYBaseDemoController.swift */,
			);
			path = BaseViewController;
			sourceTree = "<group>";
		};
		1FAAFBB01BE85C14007023B7 /* SwiftLearn */ = {
			isa = PBXGroup;
			children = (
				1FAAFBB51BE87B31007023B7 /* SwiftLearnDemo.swift */,
				1FAAFBBE1BE8883E007023B7 /* 基础部分 */,
			);
			path = SwiftLearn;
			sourceTree = "<group>";
		};
		1FAAFBB71BE8878A007023B7 /* Service */ = {
			isa = PBXGroup;
			children = (
				1FAAFBB81BE8878A007023B7 /* Categorys */,
			);
			path = Service;
			sourceTree = "<group>";
		};
		1FAAFBB81BE8878A007023B7 /* Categorys */ = {
			isa = PBXGroup;
			children = (
				1FAAFBB91BE8878A007023B7 /* UITableView */,
			);
			path = Categorys;
			sourceTree = "<group>";
		};
		1FAAFBB91BE8878A007023B7 /* UITableView */ = {
			isa = PBXGroup;
			children = (
				1FAAFBBA1BE8878A007023B7 /* UITableView+Extension.swift */,
			);
			path = UITableView;
			sourceTree = "<group>";
		};
		1FAAFBBE1BE8883E007023B7 /* 基础部分 */ = {
			isa = PBXGroup;
			children = (
				1FAAFBBC1BE88829007023B7 /* TheBasicsDemo.swift */,
			);
			name = "基础部分";
			sourceTree = "<group>";
		};
/* End PBXGroup section */

/* Begin PBXNativeTarget section */
		1FAAFB7A1BE85AEA007023B7 /* SwiftSum */ = {
			isa = PBXNativeTarget;
			buildConfigurationList = 1FAAFBA31BE85AEB007023B7 /* Build configuration list for PBXNativeTarget "SwiftSum" */;
			buildPhases = (
				1FAAFB771BE85AEA007023B7 /* Sources */,
				1FAAFB781BE85AEA007023B7 /* Frameworks */,
				1FAAFB791BE85AEA007023B7 /* Resources */,
			);
			buildRules = (
			);
			dependencies = (
			);
			name = SwiftSum;
			productName = SwiftSum;
			productReference = 1FAAFB7B1BE85AEA007023B7 /* SwiftSum.app */;
			productType = "com.apple.product-type.application";
		};
		1FAAFB8E1BE85AEB007023B7 /* SwiftSumTests */ = {
			isa = PBXNativeTarget;
			buildConfigurationList = 1FAAFBA61BE85AEB007023B7 /* Build configuration list for PBXNativeTarget "SwiftSumTests" */;
			buildPhases = (
				1FAAFB8B1BE85AEB007023B7 /* Sources */,
				1FAAFB8C1BE85AEB007023B7 /* Frameworks */,
				1FAAFB8D1BE85AEB007023B7 /* Resources */,
			);
			buildRules = (
			);
			dependencies = (
				1FAAFB911BE85AEB007023B7 /* PBXTargetDependency */,
			);
			name = SwiftSumTests;
			productName = SwiftSumTests;
			productReference = 1FAAFB8F1BE85AEB007023B7 /* SwiftSumTests.xctest */;
			productType = "com.apple.product-type.bundle.unit-test";
		};
		1FAAFB991BE85AEB007023B7 /* SwiftSumUITests */ = {
			isa = PBXNativeTarget;
			buildConfigurationList = 1FAAFBA91BE85AEB007023B7 /* Build configuration list for PBXNativeTarget "SwiftSumUITests" */;
			buildPhases = (
				1FAAFB961BE85AEB007023B7 /* Sources */,
				1FAAFB971BE85AEB007023B7 /* Frameworks */,
				1FAAFB981BE85AEB007023B7 /* Resources */,
			);
			buildRules = (
			);
			dependencies = (
				1FAAFB9C1BE85AEB007023B7 /* PBXTargetDependency */,
			);
			name = SwiftSumUITests;
			productName = SwiftSumUITests;
			productReference = 1FAAFB9A1BE85AEB007023B7 /* SwiftSumUITests.xctest */;
			productType = "com.apple.product-type.bundle.ui-testing";
		};
/* End PBXNativeTarget section */

/* Begin PBXProject section */
		1FAAFB731BE85AEA007023B7 /* Project object */ = {
			isa = PBXProject;
			attributes = {
				LastSwiftUpdateCheck = 0710;
				LastUpgradeCheck = 0710;
				ORGANIZATIONNAME = sihuan;
				TargetAttributes = {
					1FAAFB7A1BE85AEA007023B7 = {
						CreatedOnToolsVersion = 7.1;
					};
					1FAAFB8E1BE85AEB007023B7 = {
						CreatedOnToolsVersion = 7.1;
						TestTargetID = 1FAAFB7A1BE85AEA007023B7;
					};
					1FAAFB991BE85AEB007023B7 = {
						CreatedOnToolsVersion = 7.1;
						TestTargetID = 1FAAFB7A1BE85AEA007023B7;
					};
				};
			};
			buildConfigurationList = 1FAAFB761BE85AEA007023B7 /* Build configuration list for PBXProject "SwiftSum" */;
			compatibilityVersion = "Xcode 3.2";
			developmentRegion = English;
			hasScannedForEncodings = 0;
			knownRegions = (
				en,
				Base,
			);
			mainGroup = 1FAAFB721BE85AEA007023B7;
			productRefGroup = 1FAAFB7C1BE85AEA007023B7 /* Products */;
			projectDirPath = "";
			projectRoot = "";
			targets = (
				1FAAFB7A1BE85AEA007023B7 /* SwiftSum */,
				1FAAFB8E1BE85AEB007023B7 /* SwiftSumTests */,
				1FAAFB991BE85AEB007023B7 /* SwiftSumUITests */,
			);
		};
/* End PBXProject section */

/* Begin PBXResourcesBuildPhase section */
		1FAAFB791BE85AEA007023B7 /* Resources */ = {
			isa = PBXResourcesBuildPhase;
			buildActionMask = 2147483647;
			files = (
				1FAAFB861BE85AEA007023B7 /* Assets.xcassets in Resources */,
				1FAAFB841BE85AEA007023B7 /* Main.storyboard in Resources */,
			);
			runOnlyForDeploymentPostprocessing = 0;
		};
		1FAAFB8D1BE85AEB007023B7 /* Resources */ = {
			isa = PBXResourcesBuildPhase;
			buildActionMask = 2147483647;
			files = (
			);
			runOnlyForDeploymentPostprocessing = 0;
		};
		1FAAFB981BE85AEB007023B7 /* Resources */ = {
			isa = PBXResourcesBuildPhase;
			buildActionMask = 2147483647;
			files = (
			);
			runOnlyForDeploymentPostprocessing = 0;
		};
/* End PBXResourcesBuildPhase section */

/* Begin PBXSourcesBuildPhase section */
		1FAAFB771BE85AEA007023B7 /* Sources */ = {
			isa = PBXSourcesBuildPhase;
			buildActionMask = 2147483647;
			files = (
				1FAAFB7F1BE85AEA007023B7 /* AppDelegate.swift in Sources */,
				1FAAFBBD1BE88829007023B7 /* TheBasicsDemo.swift in Sources */,
				1FAAFBAD1BE85BE5007023B7 /* BaseNavigationController.swift in Sources */,
				1FAAFBB21BE85C3C007023B7 /* YYBaseDemoController.swift in Sources */,
				1FAAFBB61BE87B31007023B7 /* SwiftLearnDemo.swift in Sources */,
				1FAAFBBB1BE8878A007023B7 /* UITableView+Extension.swift in Sources */,
			);
			runOnlyForDeploymentPostprocessing = 0;
		};
		1FAAFB8B1BE85AEB007023B7 /* Sources */ = {
			isa = PBXSourcesBuildPhase;
			buildActionMask = 2147483647;
			files = (
				1FAAFB941BE85AEB007023B7 /* SwiftSumTests.swift in Sources */,
			);
			runOnlyForDeploymentPostprocessing = 0;
		};
		1FAAFB961BE85AEB007023B7 /* Sources */ = {
			isa = PBXSourcesBuildPhase;
			buildActionMask = 2147483647;
			files = (
				1FAAFB9F1BE85AEB007023B7 /* SwiftSumUITests.swift in Sources */,
			);
			runOnlyForDeploymentPostprocessing = 0;
		};
/* End PBXSourcesBuildPhase section */

/* Begin PBXTargetDependency section */
		1FAAFB911BE85AEB007023B7 /* PBXTargetDependency */ = {
			isa = PBXTargetDependency;
			target = 1FAAFB7A1BE85AEA007023B7 /* SwiftSum */;
			targetProxy = 1FAAFB901BE85AEB007023B7 /* PBXContainerItemProxy */;
		};
		1FAAFB9C1BE85AEB007023B7 /* PBXTargetDependency */ = {
			isa = PBXTargetDependency;
			target = 1FAAFB7A1BE85AEA007023B7 /* SwiftSum */;
			targetProxy = 1FAAFB9B1BE85AEB007023B7 /* PBXContainerItemProxy */;
		};
/* End PBXTargetDependency section */

/* Begin PBXVariantGroup section */
		1FAAFB821BE85AEA007023B7 /* Main.storyboard */ = {
			isa = PBXVariantGroup;
			children = (
				1FAAFB831BE85AEA007023B7 /* Base */,
			);
			name = Main.storyboard;
			path = .;
			sourceTree = "<group>";
		};
/* End PBXVariantGroup section */

/* Begin XCBuildConfiguration section */
		1FAAFBA11BE85AEB007023B7 /* Debug */ = {
			isa = XCBuildConfiguration;
			buildSettings = {
				ALWAYS_SEARCH_USER_PATHS = NO;
				CLANG_CXX_LANGUAGE_STANDARD = "gnu++0x";
				CLANG_CXX_LIBRARY = "libc++";
				CLANG_ENABLE_MODULES = YES;
				CLANG_ENABLE_OBJC_ARC = YES;
				CLANG_WARN_BOOL_CONVERSION = YES;
				CLANG_WARN_CONSTANT_CONVERSION = YES;
				CLANG_WARN_DIRECT_OBJC_ISA_USAGE = YES_ERROR;
				CLANG_WARN_EMPTY_BODY = YES;
				CLANG_WARN_ENUM_CONVERSION = YES;
				CLANG_WARN_INT_CONVERSION = YES;
				CLANG_WARN_OBJC_ROOT_CLASS = YES_ERROR;
				CLANG_WARN_UNREACHABLE_CODE = YES;
				CLANG_WARN__DUPLICATE_METHOD_MATCH = YES;
				"CODE_SIGN_IDENTITY[sdk=iphoneos*]" = "iPhone Developer";
				COPY_PHASE_STRIP = NO;
				DEBUG_INFORMATION_FORMAT = dwarf;
				ENABLE_STRICT_OBJC_MSGSEND = YES;
				ENABLE_TESTABILITY = YES;
				GCC_C_LANGUAGE_STANDARD = gnu99;
				GCC_DYNAMIC_NO_PIC = NO;
				GCC_NO_COMMON_BLOCKS = YES;
				GCC_OPTIMIZATION_LEVEL = 0;
				GCC_PREPROCESSOR_DEFINITIONS = (
					"DEBUG=1",
					"$(inherited)",
				);
				GCC_WARN_64_TO_32_BIT_CONVERSION = YES;
				GCC_WARN_ABOUT_RETURN_TYPE = YES_ERROR;
				GCC_WARN_UNDECLARED_SELECTOR = YES;
				GCC_WARN_UNINITIALIZED_AUTOS = YES_AGGRESSIVE;
				GCC_WARN_UNUSED_FUNCTION = YES;
				GCC_WARN_UNUSED_VARIABLE = YES;
				IPHONEOS_DEPLOYMENT_TARGET = 9.1;
				MTL_ENABLE_DEBUG_INFO = YES;
				ONLY_ACTIVE_ARCH = YES;
				SDKROOT = iphoneos;
				SWIFT_OPTIMIZATION_LEVEL = "-Onone";
			};
			name = Debug;
		};
		1FAAFBA21BE85AEB007023B7 /* Release */ = {
			isa = XCBuildConfiguration;
			buildSettings = {
				ALWAYS_SEARCH_USER_PATHS = NO;
				CLANG_CXX_LANGUAGE_STANDARD = "gnu++0x";
				CLANG_CXX_LIBRARY = "libc++";
				CLANG_ENABLE_MODULES = YES;
				CLANG_ENABLE_OBJC_ARC = YES;
				CLANG_WARN_BOOL_CONVERSION = YES;
				CLANG_WARN_CONSTANT_CONVERSION = YES;
				CLANG_WARN_DIRECT_OBJC_ISA_USAGE = YES_ERROR;
				CLANG_WARN_EMPTY_BODY = YES;
				CLANG_WARN_ENUM_CONVERSION = YES;
				CLANG_WARN_INT_CONVERSION = YES;
				CLANG_WARN_OBJC_ROOT_CLASS = YES_ERROR;
				CLANG_WARN_UNREACHABLE_CODE = YES;
				CLANG_WARN__DUPLICATE_METHOD_MATCH = YES;
				"CODE_SIGN_IDENTITY[sdk=iphoneos*]" = "iPhone Developer";
				COPY_PHASE_STRIP = NO;
				DEBUG_INFORMATION_FORMAT = "dwarf-with-dsym";
				ENABLE_NS_ASSERTIONS = NO;
				ENABLE_STRICT_OBJC_MSGSEND = YES;
				GCC_C_LANGUAGE_STANDARD = gnu99;
				GCC_NO_COMMON_BLOCKS = YES;
				GCC_WARN_64_TO_32_BIT_CONVERSION = YES;
				GCC_WARN_ABOUT_RETURN_TYPE = YES_ERROR;
				GCC_WARN_UNDECLARED_SELECTOR = YES;
				GCC_WARN_UNINITIALIZED_AUTOS = YES_AGGRESSIVE;
				GCC_WARN_UNUSED_FUNCTION = YES;
				GCC_WARN_UNUSED_VARIABLE = YES;
				IPHONEOS_DEPLOYMENT_TARGET = 9.1;
				MTL_ENABLE_DEBUG_INFO = NO;
				SDKROOT = iphoneos;
				VALIDATE_PRODUCT = YES;
			};
			name = Release;
		};
		1FAAFBA41BE85AEB007023B7 /* Debug */ = {
			isa = XCBuildConfiguration;
			buildSettings = {
				ASSETCATALOG_COMPILER_APPICON_NAME = AppIcon;
				INFOPLIST_FILE = SwiftSum/Info.plist;
				IPHONEOS_DEPLOYMENT_TARGET = 7.0;
				LD_RUNPATH_SEARCH_PATHS = "$(inherited) @executable_path/Frameworks";
				PRODUCT_BUNDLE_IDENTIFIER = com.huan.SwiftSum;
				PRODUCT_NAME = "$(TARGET_NAME)";
			};
			name = Debug;
		};
		1FAAFBA51BE85AEB007023B7 /* Release */ = {
			isa = XCBuildConfiguration;
			buildSettings = {
				ASSETCATALOG_COMPILER_APPICON_NAME = AppIcon;
				INFOPLIST_FILE = SwiftSum/Info.plist;
				IPHONEOS_DEPLOYMENT_TARGET = 7.0;
				LD_RUNPATH_SEARCH_PATHS = "$(inherited) @executable_path/Frameworks";
				PRODUCT_BUNDLE_IDENTIFIER = com.huan.SwiftSum;
				PRODUCT_NAME = "$(TARGET_NAME)";
			};
			name = Release;
		};
		1FAAFBA71BE85AEB007023B7 /* Debug */ = {
			isa = XCBuildConfiguration;
			buildSettings = {
				BUNDLE_LOADER = "$(TEST_HOST)";
				INFOPLIST_FILE = SwiftSumTests/Info.plist;
				LD_RUNPATH_SEARCH_PATHS = "$(inherited) @executable_path/Frameworks @loader_path/Frameworks";
				PRODUCT_BUNDLE_IDENTIFIER = com.huan.SwiftSumTests;
				PRODUCT_NAME = "$(TARGET_NAME)";
				TEST_HOST = "$(BUILT_PRODUCTS_DIR)/SwiftSum.app/SwiftSum";
			};
			name = Debug;
		};
		1FAAFBA81BE85AEB007023B7 /* Release */ = {
			isa = XCBuildConfiguration;
			buildSettings = {
				BUNDLE_LOADER = "$(TEST_HOST)";
				INFOPLIST_FILE = SwiftSumTests/Info.plist;
				LD_RUNPATH_SEARCH_PATHS = "$(inherited) @executable_path/Frameworks @loader_path/Frameworks";
				PRODUCT_BUNDLE_IDENTIFIER = com.huan.SwiftSumTests;
				PRODUCT_NAME = "$(TARGET_NAME)";
				TEST_HOST = "$(BUILT_PRODUCTS_DIR)/SwiftSum.app/SwiftSum";
			};
			name = Release;
		};
		1FAAFBAA1BE85AEB007023B7 /* Debug */ = {
			isa = XCBuildConfiguration;
			buildSettings = {
				INFOPLIST_FILE = SwiftSumUITests/Info.plist;
				LD_RUNPATH_SEARCH_PATHS = "$(inherited) @executable_path/Frameworks @loader_path/Frameworks";
				PRODUCT_BUNDLE_IDENTIFIER = com.huan.SwiftSumUITests;
				PRODUCT_NAME = "$(TARGET_NAME)";
				TEST_TARGET_NAME = SwiftSum;
				USES_XCTRUNNER = YES;
			};
			name = Debug;
		};
		1FAAFBAB1BE85AEB007023B7 /* Release */ = {
			isa = XCBuildConfiguration;
			buildSettings = {
				INFOPLIST_FILE = SwiftSumUITests/Info.plist;
				LD_RUNPATH_SEARCH_PATHS = "$(inherited) @executable_path/Frameworks @loader_path/Frameworks";
				PRODUCT_BUNDLE_IDENTIFIER = com.huan.SwiftSumUITests;
				PRODUCT_NAME = "$(TARGET_NAME)";
				TEST_TARGET_NAME = SwiftSum;
				USES_XCTRUNNER = YES;
			};
			name = Release;
		};
/* End XCBuildConfiguration section */

/* Begin XCConfigurationList section */
		1FAAFB761BE85AEA007023B7 /* Build configuration list for PBXProject "SwiftSum" */ = {
			isa = XCConfigurationList;
			buildConfigurations = (
				1FAAFBA11BE85AEB007023B7 /* Debug */,
				1FAAFBA21BE85AEB007023B7 /* Release */,
			);
			defaultConfigurationIsVisible = 0;
			defaultConfigurationName = Release;
		};
		1FAAFBA31BE85AEB007023B7 /* Build configuration list for PBXNativeTarget "SwiftSum" */ = {
			isa = XCConfigurationList;
			buildConfigurations = (
				1FAAFBA41BE85AEB007023B7 /* Debug */,
				1FAAFBA51BE85AEB007023B7 /* Release */,
			);
			defaultConfigurationIsVisible = 0;
			defaultConfigurationName = Release;
		};
		1FAAFBA61BE85AEB007023B7 /* Build configuration list for PBXNativeTarget "SwiftSumTests" */ = {
			isa = XCConfigurationList;
			buildConfigurations = (
				1FAAFBA71BE85AEB007023B7 /* Debug */,
				1FAAFBA81BE85AEB007023B7 /* Release */,
			);
			defaultConfigurationIsVisible = 0;
			defaultConfigurationName = Release;
		};
		1FAAFBA91BE85AEB007023B7 /* Build configuration list for PBXNativeTarget "SwiftSumUITests" */ = {
			isa = XCConfigurationList;
			buildConfigurations = (
				1FAAFBAA1BE85AEB007023B7 /* Debug */,
				1FAAFBAB1BE85AEB007023B7 /* Release */,
			);
			defaultConfigurationIsVisible = 0;
			defaultConfigurationName = Release;
		};
/* End XCConfigurationList section */
	};
	rootObject = 1FAAFB731BE85AEA007023B7 /* Project object */;
}
