// !$*UTF8*$!
{
	archiveVersion = 1;
	classes = {
	};
	objectVersion = 46;
	objects = {

/* Begin PBXBuildFile section */
		1F00971C1CB4A4C6003A063F /* ThreadDemo.swift in Sources */ = {isa = PBXBuildFile; fileRef = 1F00971B1CB4A4C6003A063F /* ThreadDemo.swift */; };
		1F00971F1CB4A4F0003A063F /* TestThread.swift in Sources */ = {isa = PBXBuildFile; fileRef = 1F00971E1CB4A4F0003A063F /* TestThread.swift */; };
		1F0097211CB56037003A063F /* DesignPatternDemo.swift in Sources */ = {isa = PBXBuildFile; fileRef = 1F0097201CB56037003A063F /* DesignPatternDemo.swift */; };
		1F0097241CB5606F003A063F /* Music.storyboard in Resources */ = {isa = PBXBuildFile; fileRef = 1F0097231CB5606F003A063F /* Music.storyboard */; };
		1F0097261CB560DB003A063F /* HTTPClient.swift in Sources */ = {isa = PBXBuildFile; fileRef = 1F0097251CB560DB003A063F /* HTTPClient.swift */; };
		1F0097291CB56130003A063F /* MusicController.swift in Sources */ = {isa = PBXBuildFile; fileRef = 1F0097281CB56130003A063F /* MusicController.swift */; };
		1F00972B1CB5E7F0003A063F /* Album.swift in Sources */ = {isa = PBXBuildFile; fileRef = 1F00972A1CB5E7EF003A063F /* Album.swift */; };
		1F00972D1CB5E894003A063F /* AlbumView.swift in Sources */ = {isa = PBXBuildFile; fileRef = 1F00972C1CB5E894003A063F /* AlbumView.swift */; };
		1F00972F1CB5EBD2003A063F /* LibraryAPI.swift in Sources */ = {isa = PBXBuildFile; fileRef = 1F00972E1CB5EBD2003A063F /* LibraryAPI.swift */; };
		1F0097331CB60D75003A063F /* MainCollectionViewController.swift in Sources */ = {isa = PBXBuildFile; fileRef = 1F0097321CB60D75003A063F /* MainCollectionViewController.swift */; };
		1F0097361CB60DBD003A063F /* MainThreadRunLoopSource.swift in Sources */ = {isa = PBXBuildFile; fileRef = 1F0097351CB60DBD003A063F /* MainThreadRunLoopSource.swift */; };
		1F0097381CB60DF5003A063F /* MainThreadRunLoopSourceContext.swift in Sources */ = {isa = PBXBuildFile; fileRef = 1F0097371CB60DF5003A063F /* MainThreadRunLoopSourceContext.swift */; };
		1F00973A1CB60E0F003A063F /* SecondaryThreadRunLoopSource.swift in Sources */ = {isa = PBXBuildFile; fileRef = 1F0097391CB60E0F003A063F /* SecondaryThreadRunLoopSource.swift */; };
		1F00973C1CB60E28003A063F /* SecondaryThreadRunLoopSourceContext.swift in Sources */ = {isa = PBXBuildFile; fileRef = 1F00973B1CB60E28003A063F /* SecondaryThreadRunLoopSourceContext.swift */; };
		1F00973E1CB60E57003A063F /* RunLoopSourceManager.swift in Sources */ = {isa = PBXBuildFile; fileRef = 1F00973D1CB60E57003A063F /* RunLoopSourceManager.swift */; };
		1F0097401CB622A8003A063F /* MainCollectionViewController.storyboard in Resources */ = {isa = PBXBuildFile; fileRef = 1F00973F1CB622A8003A063F /* MainCollectionViewController.storyboard */; };
		1F0097421CB6A629003A063F /* HorizontalScroller.swift in Sources */ = {isa = PBXBuildFile; fileRef = 1F0097411CB6A629003A063F /* HorizontalScroller.swift */; };
		1F0097451CB8EF71003A063F /* TestTimer.swift in Sources */ = {isa = PBXBuildFile; fileRef = 1F0097441CB8EF70003A063F /* TestTimer.swift */; };
		1F0097471CB8F2B0003A063F /* NSMachPortDemo.swift in Sources */ = {isa = PBXBuildFile; fileRef = 1F0097461CB8F2B0003A063F /* NSMachPortDemo.swift */; };
		1F075BDF1C4B4F480013C815 /* YYLibsDemo.swift in Sources */ = {isa = PBXBuildFile; fileRef = 1F075BDE1C4B4F480013C815 /* YYLibsDemo.swift */; };
		1F0C134A1CB38C050045FCB7 /* TestRunLoop.swift in Sources */ = {isa = PBXBuildFile; fileRef = 1F0C13491CB38C050045FCB7 /* TestRunLoop.swift */; };
		1F139B401C8141CE005E89EB /* ThirdLibDemo.swift in Sources */ = {isa = PBXBuildFile; fileRef = 1F139B3F1C8141CE005E89EB /* ThirdLibDemo.swift */; };
		1F139B491C814523005E89EB /* RxSwiftDemo.swift in Sources */ = {isa = PBXBuildFile; fileRef = 1F139B471C814523005E89EB /* RxSwiftDemo.swift */; };
		1F139B4A1C814523005E89EB /* RxSwiftDemo.xib in Resources */ = {isa = PBXBuildFile; fileRef = 1F139B481C814523005E89EB /* RxSwiftDemo.xib */; };
		1F139B4C1C814844005E89EB /* Setting.swift in Sources */ = {isa = PBXBuildFile; fileRef = 1F139B4B1C814844005E89EB /* Setting.swift */; };
		1F139B4F1C83449E005E89EB /* GitHubAPI.swift in Sources */ = {isa = PBXBuildFile; fileRef = 1F139B4E1C83449E005E89EB /* GitHubAPI.swift */; };
		1F139B511C873655005E89EB /* String+YYKit.swift in Sources */ = {isa = PBXBuildFile; fileRef = 1F139B501C873655005E89EB /* String+YYKit.swift */; };
		1F1656841CBCCF740015F570 /* NSOperationQueueDemo.swift in Sources */ = {isa = PBXBuildFile; fileRef = 1F1656831CBCCF740015F570 /* NSOperationQueueDemo.swift */; };
		1F288D971CAD174500180316 /* SimpleGestureRecognizers.xib in Resources */ = {isa = PBXBuildFile; fileRef = 1F288D961CAD174500180316 /* SimpleGestureRecognizers.xib */; };
		1F288D9B1CAD1FD000180316 /* rotation.png in Resources */ = {isa = PBXBuildFile; fileRef = 1F288D981CAD1FD000180316 /* rotation.png */; };
		1F288D9C1CAD1FD000180316 /* swipe.png in Resources */ = {isa = PBXBuildFile; fileRef = 1F288D991CAD1FD000180316 /* swipe.png */; };
		1F288D9D1CAD1FD000180316 /* tap.png in Resources */ = {isa = PBXBuildFile; fileRef = 1F288D9A1CAD1FD000180316 /* tap.png */; };
		1F288DA01CAE623000180316 /* YYPanGestureRecognizer.swift in Sources */ = {isa = PBXBuildFile; fileRef = 1F288D9F1CAE622F00180316 /* YYPanGestureRecognizer.swift */; };
		1F288DA21CB1FD0600180316 /* DeliveryTouchesDemo.swift in Sources */ = {isa = PBXBuildFile; fileRef = 1F288DA11CB1FD0600180316 /* DeliveryTouchesDemo.swift */; };
		1F288DA41CB216C800180316 /* YYCycleGestureRecognizer.swift in Sources */ = {isa = PBXBuildFile; fileRef = 1F288DA31CB216C800180316 /* YYCycleGestureRecognizer.swift */; };
		1F289A001CC48A8100988E82 /* ViewGuideDemo.swift in Sources */ = {isa = PBXBuildFile; fileRef = 1F2899FF1CC48A8100988E82 /* ViewGuideDemo.swift */; };
		1F289A031CC48AE300988E82 /* AutoresizingMaskDemo.swift in Sources */ = {isa = PBXBuildFile; fileRef = 1F289A021CC48AE300988E82 /* AutoresizingMaskDemo.swift */; };
		1F289A051CC5C0E000988E82 /* AnimationsDemo.swift in Sources */ = {isa = PBXBuildFile; fileRef = 1F289A041CC5C0E000988E82 /* AnimationsDemo.swift */; };
		1F2F69291C9A7FC400A3F432 /* YYConfigurableTableViewController.swift in Sources */ = {isa = PBXBuildFile; fileRef = 1F2F69281C9A7FC400A3F432 /* YYConfigurableTableViewController.swift */; };
		1F2F692F1C9A86D100A3F432 /* ImageCellViewData.swift in Sources */ = {isa = PBXBuildFile; fileRef = 1F2F692B1C9A86D000A3F432 /* ImageCellViewData.swift */; };
		1F2F69301C9A86D100A3F432 /* ImageTableViewCell.swift in Sources */ = {isa = PBXBuildFile; fileRef = 1F2F692C1C9A86D000A3F432 /* ImageTableViewCell.swift */; };
		1F2F69311C9A86D100A3F432 /* TextCellViewData.swift in Sources */ = {isa = PBXBuildFile; fileRef = 1F2F692D1C9A86D000A3F432 /* TextCellViewData.swift */; };
		1F2F69321C9A86D100A3F432 /* TextTableViewCell.swift in Sources */ = {isa = PBXBuildFile; fileRef = 1F2F692E1C9A86D000A3F432 /* TextTableViewCell.swift */; };
		1F2F69341C9A86DA00A3F432 /* UITableViewCell+Margins.swift in Sources */ = {isa = PBXBuildFile; fileRef = 1F2F69331C9A86DA00A3F432 /* UITableViewCell+Margins.swift */; };
		1F5A731F1CBDDF0F002B0D19 /* NSOperationSettingDemo.swift in Sources */ = {isa = PBXBuildFile; fileRef = 1F5A731E1CBDDF0F002B0D19 /* NSOperationSettingDemo.swift */; };
		1F5A73231CBE178E002B0D19 /* GCDDemo.swift in Sources */ = {isa = PBXBuildFile; fileRef = 1F5A73221CBE178E002B0D19 /* GCDDemo.swift */; };
		1F5B67BE1CACF0D6003CFD75 /* SystemDemo.swift in Sources */ = {isa = PBXBuildFile; fileRef = 1F5B67BD1CACF0D5003CFD75 /* SystemDemo.swift */; };
		1F5B67C11CACF1A8003CFD75 /* YYBaseTabBarController.swift in Sources */ = {isa = PBXBuildFile; fileRef = 1F5B67C01CACF1A8003CFD75 /* YYBaseTabBarController.swift */; };
		1F5B67C31CACF219003CFD75 /* MainController.swift in Sources */ = {isa = PBXBuildFile; fileRef = 1F5B67C21CACF219003CFD75 /* MainController.swift */; };
		1F5B67C61CACF341003CFD75 /* EventAndGestureDemo.storyboard in Resources */ = {isa = PBXBuildFile; fileRef = 1F5B67C51CACF341003CFD75 /* EventAndGestureDemo.storyboard */; };
		1F5B67C81CACF36E003CFD75 /* EventAndGestureDemo.swift in Sources */ = {isa = PBXBuildFile; fileRef = 1F5B67C71CACF36E003CFD75 /* EventAndGestureDemo.swift */; };
		1F5B67CB1CACF3BC003CFD75 /* GestureDemo.swift in Sources */ = {isa = PBXBuildFile; fileRef = 1F5B67CA1CACF3BC003CFD75 /* GestureDemo.swift */; };
		1F5B67CD1CACF41C003CFD75 /* ViewController+YYKit.swift in Sources */ = {isa = PBXBuildFile; fileRef = 1F5B67CC1CACF41C003CFD75 /* ViewController+YYKit.swift */; };
		1F5B67D01CAD019D003CFD75 /* GestureDemoChild.swift in Sources */ = {isa = PBXBuildFile; fileRef = 1F5B67CF1CAD019D003CFD75 /* GestureDemoChild.swift */; };
		1F5B67D21CAD02FB003CFD75 /* GestureTestView.swift in Sources */ = {isa = PBXBuildFile; fileRef = 1F5B67D11CAD02FB003CFD75 /* GestureTestView.swift */; };
		1F5B67D61CAD05BF003CFD75 /* UIView+YYKit.swift in Sources */ = {isa = PBXBuildFile; fileRef = 1F5B67D51CAD05BF003CFD75 /* UIView+YYKit.swift */; };
		1F5B67D81CAD0773003CFD75 /* NSObject+YYKit.swift in Sources */ = {isa = PBXBuildFile; fileRef = 1F5B67D71CAD0773003CFD75 /* NSObject+YYKit.swift */; };
		1F5B67DC1CAD0D40003CFD75 /* SimpleGestureRecognizers.swift in Sources */ = {isa = PBXBuildFile; fileRef = 1F5B67DB1CAD0D40003CFD75 /* SimpleGestureRecognizers.swift */; };
		1F5D19E81BF036450049F342 /* FunctionsDemo.swift in Sources */ = {isa = PBXBuildFile; fileRef = 1F5D19E71BF036450049F342 /* FunctionsDemo.swift */; };
		1F792CB61C89716A00EE70D4 /* GithubSignupViewModel.swift in Sources */ = {isa = PBXBuildFile; fileRef = 1F792CB51C89716A00EE70D4 /* GithubSignupViewModel.swift */; };
		1F792CB81C89761A00EE70D4 /* Wireframe.swift in Sources */ = {isa = PBXBuildFile; fileRef = 1F792CB71C89761A00EE70D4 /* Wireframe.swift */; };
		1F792CBA1C8991A900EE70D4 /* ValidationResult.swift in Sources */ = {isa = PBXBuildFile; fileRef = 1F792CB91C8991A900EE70D4 /* ValidationResult.swift */; };
		1F87A29F1CA3B9EB0001519E /* AppManager.swift in Sources */ = {isa = PBXBuildFile; fileRef = 1F87A29C1CA3B9EB0001519E /* AppManager.swift */; };
		1F87A2A01CA3B9EB0001519E /* AppConfig.swift in Sources */ = {isa = PBXBuildFile; fileRef = 1F87A29D1CA3B9EB0001519E /* AppConfig.swift */; };
		1F87A2A11CA3B9EB0001519E /* AppColor.swift in Sources */ = {isa = PBXBuildFile; fileRef = 1F87A29E1CA3B9EB0001519E /* AppColor.swift */; };
		1FA4A5301BE993040076ECAA /* BasicOperatorsDemo.swift in Sources */ = {isa = PBXBuildFile; fileRef = 1FA4A52F1BE993040076ECAA /* BasicOperatorsDemo.swift */; };
		1FA4A5331BE9D0190076ECAA /* StringsAndCharactersDemo.swift in Sources */ = {isa = PBXBuildFile; fileRef = 1FA4A5321BE9D0190076ECAA /* StringsAndCharactersDemo.swift */; };
		1FA4A5361BEB294A0076ECAA /* CollectionTypesDemo.swift in Sources */ = {isa = PBXBuildFile; fileRef = 1FA4A5351BEB294A0076ECAA /* CollectionTypesDemo.swift */; };
		1FAAFB7F1BE85AEA007023B7 /* AppDelegate.swift in Sources */ = {isa = PBXBuildFile; fileRef = 1FAAFB7E1BE85AEA007023B7 /* AppDelegate.swift */; };
		1FAAFB841BE85AEA007023B7 /* Main.storyboard in Resources */ = {isa = PBXBuildFile; fileRef = 1FAAFB821BE85AEA007023B7 /* Main.storyboard */; };
		1FAAFB861BE85AEA007023B7 /* Assets.xcassets in Resources */ = {isa = PBXBuildFile; fileRef = 1FAAFB851BE85AEA007023B7 /* Assets.xcassets */; };
		1FAAFB941BE85AEB007023B7 /* SwiftSumTests.swift in Sources */ = {isa = PBXBuildFile; fileRef = 1FAAFB931BE85AEB007023B7 /* SwiftSumTests.swift */; };
		1FAAFB9F1BE85AEB007023B7 /* SwiftSumUITests.swift in Sources */ = {isa = PBXBuildFile; fileRef = 1FAAFB9E1BE85AEB007023B7 /* SwiftSumUITests.swift */; };
		1FAAFBAD1BE85BE5007023B7 /* BaseNavigationController.swift in Sources */ = {isa = PBXBuildFile; fileRef = 1FAAFBAC1BE85BE5007023B7 /* BaseNavigationController.swift */; };
		1FAAFBB21BE85C3C007023B7 /* YYBaseDemoController.swift in Sources */ = {isa = PBXBuildFile; fileRef = 1FAAFBB11BE85C3C007023B7 /* YYBaseDemoController.swift */; };
		1FAAFBB61BE87B31007023B7 /* SwiftLearnDemo.swift in Sources */ = {isa = PBXBuildFile; fileRef = 1FAAFBB51BE87B31007023B7 /* SwiftLearnDemo.swift */; };
		1FAAFBBB1BE8878A007023B7 /* UITableView+Extension.swift in Sources */ = {isa = PBXBuildFile; fileRef = 1FAAFBBA1BE8878A007023B7 /* UITableView+Extension.swift */; };
		1FAF60271CB940AD0046CF3D /* ThreadSafeDemo.swift in Sources */ = {isa = PBXBuildFile; fileRef = 1FAF60261CB940AD0046CF3D /* ThreadSafeDemo.swift */; };
		1FAF60361CBA9FC80046CF3D /* YYRunLoop.m in Sources */ = {isa = PBXBuildFile; fileRef = 1FAF60351CBA9FC80046CF3D /* YYRunLoop.m */; };
		1FAF60381CBB30BF0046CF3D /* YYLogger.swift in Sources */ = {isa = PBXBuildFile; fileRef = 1FAF60371CBB30BF0046CF3D /* YYLogger.swift */; };
		1FAF603B1CBB30E20046CF3D /* YYLoggerDemo.swift in Sources */ = {isa = PBXBuildFile; fileRef = 1FAF603A1CBB30E20046CF3D /* YYLoggerDemo.swift */; };
		1FB394961CCC6EC0005C1B0E /* NSDate+YYKit.swift in Sources */ = {isa = PBXBuildFile; fileRef = 1FB394951CCC6EC0005C1B0E /* NSDate+YYKit.swift */; };
		1FB394A61CCE06C0005C1B0E /* GoodsDetailViewController.swift in Sources */ = {isa = PBXBuildFile; fileRef = 1FB394A51CCE06C0005C1B0E /* GoodsDetailViewController.swift */; };
		1FB394A91CCE096F005C1B0E /* GoodsViewController.swift in Sources */ = {isa = PBXBuildFile; fileRef = 1FB394A81CCE096F005C1B0E /* GoodsViewController.swift */; };
		1FB394AB1CCE098C005C1B0E /* GoodsDetailGraphicViewController.swift in Sources */ = {isa = PBXBuildFile; fileRef = 1FB394AA1CCE098C005C1B0E /* GoodsDetailGraphicViewController.swift */; };
		1FB394AD1CCE5867005C1B0E /* NetworkController.swift in Sources */ = {isa = PBXBuildFile; fileRef = 1FB394AC1CCE5867005C1B0E /* NetworkController.swift */; };
		1FB8C5621CD083810020E183 /* YYPresentationAnimator.swift in Sources */ = {isa = PBXBuildFile; fileRef = 1FB8C5611CD083810020E183 /* YYPresentationAnimator.swift */; };
		1FB8C5651CD089C50020E183 /* CustomTransitionDemo.swift in Sources */ = {isa = PBXBuildFile; fileRef = 1FB8C5641CD089C50020E183 /* CustomTransitionDemo.swift */; };
		1FB8C56D1CD1B3460020E183 /* YYInteractivityTransitionDelegate.swift in Sources */ = {isa = PBXBuildFile; fileRef = 1FB8C56C1CD1B3460020E183 /* YYInteractivityTransitionDelegate.swift */; };
		1FB8C56F1CD1B4030020E183 /* YYInteractivityTransitionAnimator.swift in Sources */ = {isa = PBXBuildFile; fileRef = 1FB8C56E1CD1B4030020E183 /* YYInteractivityTransitionAnimator.swift */; };
		1FB8C5711CD1BE8B0020E183 /* YYInteractivityTransition.swift in Sources */ = {isa = PBXBuildFile; fileRef = 1FB8C5701CD1BE8B0020E183 /* YYInteractivityTransition.swift */; };
		1FDB55151BF0E60F0048E1F7 /* ClosuresDemo.swift in Sources */ = {isa = PBXBuildFile; fileRef = 1FDB55141BF0E60F0048E1F7 /* ClosuresDemo.swift */; };
		1FE864E11CB3819100E013A1 /* RunLoopDemo.swift in Sources */ = {isa = PBXBuildFile; fileRef = 1FE864E01CB3819100E013A1 /* RunLoopDemo.swift */; };
		1FF133DA1CCB25F600AD6822 /* ViewControllerGuideDemo.swift in Sources */ = {isa = PBXBuildFile; fileRef = 1FF133D91CCB25F600AD6822 /* ViewControllerGuideDemo.swift */; };
		1FF133DF1CCB265500AD6822 /* TableViewController1.swift in Sources */ = {isa = PBXBuildFile; fileRef = 1FF133DE1CCB265500AD6822 /* TableViewController1.swift */; };
		1FF133E11CCB266100AD6822 /* ViewController1.swift in Sources */ = {isa = PBXBuildFile; fileRef = 1FF133E01CCB266100AD6822 /* ViewController1.swift */; };
		1FF5D3E71BF9B841007F3766 /* EnumerationsDemo.swift in Sources */ = {isa = PBXBuildFile; fileRef = 1FF5D3E61BF9B841007F3766 /* EnumerationsDemo.swift */; };
		9165F9A41CF73485039B2659 /* Pods_SwiftSum.framework in Frameworks */ = {isa = PBXBuildFile; fileRef = 4CA32F90EF6765DEDBDFECA0 /* Pods_SwiftSum.framework */; };
		EEB074AA1C6445D6001CB1ED /* Observable+YYNetworking.swift in Sources */ = {isa = PBXBuildFile; fileRef = EEB074A91C6445D6001CB1ED /* Observable+YYNetworking.swift */; };
		EEB074AC1C6446D4001CB1ED /* YYAppToken.swift in Sources */ = {isa = PBXBuildFile; fileRef = EEB074AB1C6446D4001CB1ED /* YYAppToken.swift */; };
		EEB074AE1C644B99001CB1ED /* YYApi.swift in Sources */ = {isa = PBXBuildFile; fileRef = EEB074AD1C644B99001CB1ED /* YYApi.swift */; };
		EEC450621C634B1D00328F54 /* main1.swift in Sources */ = {isa = PBXBuildFile; fileRef = EEC450611C634B1D00328F54 /* main1.swift */; };
		EEC450641C634B4700328F54 /* CommonDataSource.swift in Sources */ = {isa = PBXBuildFile; fileRef = EEC450631C634B4700328F54 /* CommonDataSource.swift */; };
		EEC450661C634B6400328F54 /* UIButton+Extension.swift in Sources */ = {isa = PBXBuildFile; fileRef = EEC450651C634B6400328F54 /* UIButton+Extension.swift */; };
		EEF281621C634EDC0004765A /* FuncProgramingDemo.swift in Sources */ = {isa = PBXBuildFile; fileRef = EEF281611C634EDC0004765A /* FuncProgramingDemo.swift */; };
		EEF2816B1C634EFD0004765A /* SwifterController.swift in Sources */ = {isa = PBXBuildFile; fileRef = EEF281641C634EFD0004765A /* SwifterController.swift */; };
		EEF2816C1C634EFD0004765A /* DemoSingle.swift in Sources */ = {isa = PBXBuildFile; fileRef = EEF281651C634EFD0004765A /* DemoSingle.swift */; };
		EEF2816D1C634EFD0004765A /* MemoryManage.swift in Sources */ = {isa = PBXBuildFile; fileRef = EEF281661C634EFD0004765A /* MemoryManage.swift */; };
		EEF2816E1C634EFD0004765A /* RegularExpression.swift in Sources */ = {isa = PBXBuildFile; fileRef = EEF281671C634EFD0004765A /* RegularExpression.swift */; };
		EEF2816F1C634EFD0004765A /* TypeIntroduction.swift in Sources */ = {isa = PBXBuildFile; fileRef = EEF281681C634EFD0004765A /* TypeIntroduction.swift */; };
		EEF281701C634EFD0004765A /* FoundationAbout.swift in Sources */ = {isa = PBXBuildFile; fileRef = EEF281691C634EFD0004765A /* FoundationAbout.swift */; };
		EEF281711C634EFD0004765A /* UnsafePointer.swift in Sources */ = {isa = PBXBuildFile; fileRef = EEF2816A1C634EFD0004765A /* UnsafePointer.swift */; };
		EEF281761C6356170004765A /* Recommend.swift in Sources */ = {isa = PBXBuildFile; fileRef = EEF281751C6356170004765A /* Recommend.swift */; };
		EEF2817A1C63567C0004765A /* NetworkDemo.swift in Sources */ = {isa = PBXBuildFile; fileRef = EEF281791C63567C0004765A /* NetworkDemo.swift */; };
/* End PBXBuildFile section */

/* Begin PBXContainerItemProxy section */
		1FAAFB901BE85AEB007023B7 /* PBXContainerItemProxy */ = {
			isa = PBXContainerItemProxy;
			containerPortal = 1FAAFB731BE85AEA007023B7 /* Project object */;
			proxyType = 1;
			remoteGlobalIDString = 1FAAFB7A1BE85AEA007023B7;
			remoteInfo = SwiftSum;
		};
		1FAAFB9B1BE85AEB007023B7 /* PBXContainerItemProxy */ = {
			isa = PBXContainerItemProxy;
			containerPortal = 1FAAFB731BE85AEA007023B7 /* Project object */;
			proxyType = 1;
			remoteGlobalIDString = 1FAAFB7A1BE85AEA007023B7;
			remoteInfo = SwiftSum;
		};
/* End PBXContainerItemProxy section */

/* Begin PBXFileReference section */
		0533D2FD75DE83649AAC442D /* Pods-SwiftSum.release.xcconfig */ = {isa = PBXFileReference; includeInIndex = 1; lastKnownFileType = text.xcconfig; name = "Pods-SwiftSum.release.xcconfig"; path = "Pods/Target Support Files/Pods-SwiftSum/Pods-SwiftSum.release.xcconfig"; sourceTree = "<group>"; };
		17B50F287DB4AB47FFE3E73B /* Pods-SwiftSum.debug.xcconfig */ = {isa = PBXFileReference; includeInIndex = 1; lastKnownFileType = text.xcconfig; name = "Pods-SwiftSum.debug.xcconfig"; path = "Pods/Target Support Files/Pods-SwiftSum/Pods-SwiftSum.debug.xcconfig"; sourceTree = "<group>"; };
		1F00971B1CB4A4C6003A063F /* ThreadDemo.swift */ = {isa = PBXFileReference; fileEncoding = 4; lastKnownFileType = sourcecode.swift; path = ThreadDemo.swift; sourceTree = "<group>"; };
		1F00971E1CB4A4F0003A063F /* TestThread.swift */ = {isa = PBXFileReference; fileEncoding = 4; lastKnownFileType = sourcecode.swift; path = TestThread.swift; sourceTree = "<group>"; };
		1F0097201CB56037003A063F /* DesignPatternDemo.swift */ = {isa = PBXFileReference; fileEncoding = 4; lastKnownFileType = sourcecode.swift; path = DesignPatternDemo.swift; sourceTree = "<group>"; };
		1F0097231CB5606F003A063F /* Music.storyboard */ = {isa = PBXFileReference; fileEncoding = 4; lastKnownFileType = file.storyboard; path = Music.storyboard; sourceTree = "<group>"; };
		1F0097251CB560DB003A063F /* HTTPClient.swift */ = {isa = PBXFileReference; fileEncoding = 4; lastKnownFileType = sourcecode.swift; path = HTTPClient.swift; sourceTree = "<group>"; };
		1F0097281CB56130003A063F /* MusicController.swift */ = {isa = PBXFileReference; fileEncoding = 4; lastKnownFileType = sourcecode.swift; path = MusicController.swift; sourceTree = "<group>"; };
		1F00972A1CB5E7EF003A063F /* Album.swift */ = {isa = PBXFileReference; fileEncoding = 4; lastKnownFileType = sourcecode.swift; path = Album.swift; sourceTree = "<group>"; };
		1F00972C1CB5E894003A063F /* AlbumView.swift */ = {isa = PBXFileReference; fileEncoding = 4; lastKnownFileType = sourcecode.swift; path = AlbumView.swift; sourceTree = "<group>"; };
		1F00972E1CB5EBD2003A063F /* LibraryAPI.swift */ = {isa = PBXFileReference; fileEncoding = 4; lastKnownFileType = sourcecode.swift; path = LibraryAPI.swift; sourceTree = "<group>"; };
		1F0097321CB60D75003A063F /* MainCollectionViewController.swift */ = {isa = PBXFileReference; fileEncoding = 4; lastKnownFileType = sourcecode.swift; path = MainCollectionViewController.swift; sourceTree = "<group>"; };
		1F0097351CB60DBD003A063F /* MainThreadRunLoopSource.swift */ = {isa = PBXFileReference; fileEncoding = 4; lastKnownFileType = sourcecode.swift; path = MainThreadRunLoopSource.swift; sourceTree = "<group>"; };
		1F0097371CB60DF5003A063F /* MainThreadRunLoopSourceContext.swift */ = {isa = PBXFileReference; fileEncoding = 4; lastKnownFileType = sourcecode.swift; path = MainThreadRunLoopSourceContext.swift; sourceTree = "<group>"; };
		1F0097391CB60E0F003A063F /* SecondaryThreadRunLoopSource.swift */ = {isa = PBXFileReference; fileEncoding = 4; lastKnownFileType = sourcecode.swift; path = SecondaryThreadRunLoopSource.swift; sourceTree = "<group>"; };
		1F00973B1CB60E28003A063F /* SecondaryThreadRunLoopSourceContext.swift */ = {isa = PBXFileReference; fileEncoding = 4; lastKnownFileType = sourcecode.swift; path = SecondaryThreadRunLoopSourceContext.swift; sourceTree = "<group>"; };
		1F00973D1CB60E57003A063F /* RunLoopSourceManager.swift */ = {isa = PBXFileReference; fileEncoding = 4; lastKnownFileType = sourcecode.swift; path = RunLoopSourceManager.swift; sourceTree = "<group>"; };
		1F00973F1CB622A8003A063F /* MainCollectionViewController.storyboard */ = {isa = PBXFileReference; fileEncoding = 4; lastKnownFileType = file.storyboard; path = MainCollectionViewController.storyboard; sourceTree = "<group>"; };
		1F0097411CB6A629003A063F /* HorizontalScroller.swift */ = {isa = PBXFileReference; fileEncoding = 4; lastKnownFileType = sourcecode.swift; path = HorizontalScroller.swift; sourceTree = "<group>"; };
		1F0097441CB8EF70003A063F /* TestTimer.swift */ = {isa = PBXFileReference; fileEncoding = 4; lastKnownFileType = sourcecode.swift; path = TestTimer.swift; sourceTree = "<group>"; };
		1F0097461CB8F2B0003A063F /* NSMachPortDemo.swift */ = {isa = PBXFileReference; fileEncoding = 4; lastKnownFileType = sourcecode.swift; path = NSMachPortDemo.swift; sourceTree = "<group>"; };
		1F075BDE1C4B4F480013C815 /* YYLibsDemo.swift */ = {isa = PBXFileReference; fileEncoding = 4; lastKnownFileType = sourcecode.swift; path = YYLibsDemo.swift; sourceTree = "<group>"; };
		1F0C13491CB38C050045FCB7 /* TestRunLoop.swift */ = {isa = PBXFileReference; fileEncoding = 4; lastKnownFileType = sourcecode.swift; path = TestRunLoop.swift; sourceTree = "<group>"; };
		1F12662B1C721C6200DD69E6 /* RxSwiftBasic.playground */ = {isa = PBXFileReference; lastKnownFileType = file.playground; path = RxSwiftBasic.playground; sourceTree = "<group>"; };
		1F139B3F1C8141CE005E89EB /* ThirdLibDemo.swift */ = {isa = PBXFileReference; fileEncoding = 4; lastKnownFileType = sourcecode.swift; path = ThirdLibDemo.swift; sourceTree = "<group>"; };
		1F139B471C814523005E89EB /* RxSwiftDemo.swift */ = {isa = PBXFileReference; fileEncoding = 4; lastKnownFileType = sourcecode.swift; path = RxSwiftDemo.swift; sourceTree = "<group>"; };
		1F139B481C814523005E89EB /* RxSwiftDemo.xib */ = {isa = PBXFileReference; fileEncoding = 4; lastKnownFileType = file.xib; path = RxSwiftDemo.xib; sourceTree = "<group>"; };
		1F139B4B1C814844005E89EB /* Setting.swift */ = {isa = PBXFileReference; fileEncoding = 4; lastKnownFileType = sourcecode.swift; path = Setting.swift; sourceTree = "<group>"; };
		1F139B4E1C83449E005E89EB /* GitHubAPI.swift */ = {isa = PBXFileReference; fileEncoding = 4; lastKnownFileType = sourcecode.swift; path = GitHubAPI.swift; sourceTree = "<group>"; };
		1F139B501C873655005E89EB /* String+YYKit.swift */ = {isa = PBXFileReference; fileEncoding = 4; lastKnownFileType = sourcecode.swift; path = "String+YYKit.swift"; sourceTree = "<group>"; };
		1F1656831CBCCF740015F570 /* NSOperationQueueDemo.swift */ = {isa = PBXFileReference; fileEncoding = 4; lastKnownFileType = sourcecode.swift; path = NSOperationQueueDemo.swift; sourceTree = "<group>"; };
		1F288D961CAD174500180316 /* SimpleGestureRecognizers.xib */ = {isa = PBXFileReference; fileEncoding = 4; lastKnownFileType = file.xib; path = SimpleGestureRecognizers.xib; sourceTree = "<group>"; };
		1F288D981CAD1FD000180316 /* rotation.png */ = {isa = PBXFileReference; lastKnownFileType = image.png; path = rotation.png; sourceTree = "<group>"; };
		1F288D991CAD1FD000180316 /* swipe.png */ = {isa = PBXFileReference; lastKnownFileType = image.png; path = swipe.png; sourceTree = "<group>"; };
		1F288D9A1CAD1FD000180316 /* tap.png */ = {isa = PBXFileReference; lastKnownFileType = image.png; path = tap.png; sourceTree = "<group>"; };
		1F288D9F1CAE622F00180316 /* YYPanGestureRecognizer.swift */ = {isa = PBXFileReference; fileEncoding = 4; lastKnownFileType = sourcecode.swift; path = YYPanGestureRecognizer.swift; sourceTree = "<group>"; };
		1F288DA11CB1FD0600180316 /* DeliveryTouchesDemo.swift */ = {isa = PBXFileReference; fileEncoding = 4; lastKnownFileType = sourcecode.swift; path = DeliveryTouchesDemo.swift; sourceTree = "<group>"; };
		1F288DA31CB216C800180316 /* YYCycleGestureRecognizer.swift */ = {isa = PBXFileReference; fileEncoding = 4; lastKnownFileType = sourcecode.swift; path = YYCycleGestureRecognizer.swift; sourceTree = "<group>"; };
		1F2899FF1CC48A8100988E82 /* ViewGuideDemo.swift */ = {isa = PBXFileReference; fileEncoding = 4; lastKnownFileType = sourcecode.swift; path = ViewGuideDemo.swift; sourceTree = "<group>"; };
		1F289A021CC48AE300988E82 /* AutoresizingMaskDemo.swift */ = {isa = PBXFileReference; fileEncoding = 4; lastKnownFileType = sourcecode.swift; path = AutoresizingMaskDemo.swift; sourceTree = "<group>"; };
		1F289A041CC5C0E000988E82 /* AnimationsDemo.swift */ = {isa = PBXFileReference; fileEncoding = 4; lastKnownFileType = sourcecode.swift; path = AnimationsDemo.swift; sourceTree = "<group>"; };
		1F2F69281C9A7FC400A3F432 /* YYConfigurableTableViewController.swift */ = {isa = PBXFileReference; fileEncoding = 4; lastKnownFileType = sourcecode.swift; path = YYConfigurableTableViewController.swift; sourceTree = "<group>"; };
		1F2F692B1C9A86D000A3F432 /* ImageCellViewData.swift */ = {isa = PBXFileReference; fileEncoding = 4; lastKnownFileType = sourcecode.swift; path = ImageCellViewData.swift; sourceTree = "<group>"; };
		1F2F692C1C9A86D000A3F432 /* ImageTableViewCell.swift */ = {isa = PBXFileReference; fileEncoding = 4; lastKnownFileType = sourcecode.swift; path = ImageTableViewCell.swift; sourceTree = "<group>"; };
		1F2F692D1C9A86D000A3F432 /* TextCellViewData.swift */ = {isa = PBXFileReference; fileEncoding = 4; lastKnownFileType = sourcecode.swift; path = TextCellViewData.swift; sourceTree = "<group>"; };
		1F2F692E1C9A86D000A3F432 /* TextTableViewCell.swift */ = {isa = PBXFileReference; fileEncoding = 4; lastKnownFileType = sourcecode.swift; path = TextTableViewCell.swift; sourceTree = "<group>"; };
		1F2F69331C9A86DA00A3F432 /* UITableViewCell+Margins.swift */ = {isa = PBXFileReference; fileEncoding = 4; lastKnownFileType = sourcecode.swift; path = "UITableViewCell+Margins.swift"; sourceTree = "<group>"; };
		1F5A731E1CBDDF0F002B0D19 /* NSOperationSettingDemo.swift */ = {isa = PBXFileReference; fileEncoding = 4; lastKnownFileType = sourcecode.swift; path = NSOperationSettingDemo.swift; sourceTree = "<group>"; };
		1F5A73221CBE178E002B0D19 /* GCDDemo.swift */ = {isa = PBXFileReference; fileEncoding = 4; lastKnownFileType = sourcecode.swift; path = GCDDemo.swift; sourceTree = "<group>"; };
		1F5B67BD1CACF0D5003CFD75 /* SystemDemo.swift */ = {isa = PBXFileReference; fileEncoding = 4; lastKnownFileType = sourcecode.swift; path = SystemDemo.swift; sourceTree = "<group>"; };
		1F5B67C01CACF1A8003CFD75 /* YYBaseTabBarController.swift */ = {isa = PBXFileReference; fileEncoding = 4; lastKnownFileType = sourcecode.swift; path = YYBaseTabBarController.swift; sourceTree = "<group>"; };
		1F5B67C21CACF219003CFD75 /* MainController.swift */ = {isa = PBXFileReference; fileEncoding = 4; lastKnownFileType = sourcecode.swift; path = MainController.swift; sourceTree = "<group>"; };
		1F5B67C51CACF341003CFD75 /* EventAndGestureDemo.storyboard */ = {isa = PBXFileReference; fileEncoding = 4; lastKnownFileType = file.storyboard; path = EventAndGestureDemo.storyboard; sourceTree = "<group>"; };
		1F5B67C71CACF36E003CFD75 /* EventAndGestureDemo.swift */ = {isa = PBXFileReference; fileEncoding = 4; lastKnownFileType = sourcecode.swift; path = EventAndGestureDemo.swift; sourceTree = "<group>"; };
		1F5B67CA1CACF3BC003CFD75 /* GestureDemo.swift */ = {isa = PBXFileReference; fileEncoding = 4; lastKnownFileType = sourcecode.swift; path = GestureDemo.swift; sourceTree = "<group>"; };
		1F5B67CC1CACF41C003CFD75 /* ViewController+YYKit.swift */ = {isa = PBXFileReference; fileEncoding = 4; lastKnownFileType = sourcecode.swift; path = "ViewController+YYKit.swift"; sourceTree = "<group>"; };
		1F5B67CF1CAD019D003CFD75 /* GestureDemoChild.swift */ = {isa = PBXFileReference; fileEncoding = 4; lastKnownFileType = sourcecode.swift; path = GestureDemoChild.swift; sourceTree = "<group>"; };
		1F5B67D11CAD02FB003CFD75 /* GestureTestView.swift */ = {isa = PBXFileReference; fileEncoding = 4; lastKnownFileType = sourcecode.swift; path = GestureTestView.swift; sourceTree = "<group>"; };
		1F5B67D51CAD05BF003CFD75 /* UIView+YYKit.swift */ = {isa = PBXFileReference; fileEncoding = 4; lastKnownFileType = sourcecode.swift; path = "UIView+YYKit.swift"; sourceTree = "<group>"; };
		1F5B67D71CAD0773003CFD75 /* NSObject+YYKit.swift */ = {isa = PBXFileReference; fileEncoding = 4; lastKnownFileType = sourcecode.swift; path = "NSObject+YYKit.swift"; sourceTree = "<group>"; };
		1F5B67DB1CAD0D40003CFD75 /* SimpleGestureRecognizers.swift */ = {isa = PBXFileReference; fileEncoding = 4; lastKnownFileType = sourcecode.swift; path = SimpleGestureRecognizers.swift; sourceTree = "<group>"; };
		1F5D19E71BF036450049F342 /* FunctionsDemo.swift */ = {isa = PBXFileReference; fileEncoding = 4; lastKnownFileType = sourcecode.swift; path = FunctionsDemo.swift; sourceTree = "<group>"; };
		1F792CB51C89716A00EE70D4 /* GithubSignupViewModel.swift */ = {isa = PBXFileReference; fileEncoding = 4; lastKnownFileType = sourcecode.swift; path = GithubSignupViewModel.swift; sourceTree = "<group>"; };
		1F792CB71C89761A00EE70D4 /* Wireframe.swift */ = {isa = PBXFileReference; fileEncoding = 4; lastKnownFileType = sourcecode.swift; path = Wireframe.swift; sourceTree = "<group>"; };
		1F792CB91C8991A900EE70D4 /* ValidationResult.swift */ = {isa = PBXFileReference; fileEncoding = 4; lastKnownFileType = sourcecode.swift; path = ValidationResult.swift; sourceTree = "<group>"; };
		1F87A29C1CA3B9EB0001519E /* AppManager.swift */ = {isa = PBXFileReference; fileEncoding = 4; lastKnownFileType = sourcecode.swift; path = AppManager.swift; sourceTree = "<group>"; };
		1F87A29D1CA3B9EB0001519E /* AppConfig.swift */ = {isa = PBXFileReference; fileEncoding = 4; lastKnownFileType = sourcecode.swift; path = AppConfig.swift; sourceTree = "<group>"; };
		1F87A29E1CA3B9EB0001519E /* AppColor.swift */ = {isa = PBXFileReference; fileEncoding = 4; lastKnownFileType = sourcecode.swift; path = AppColor.swift; sourceTree = "<group>"; };
		1F8E96541C6D75C00038A6C9 /* FRP.playground */ = {isa = PBXFileReference; lastKnownFileType = file.playground; path = FRP.playground; sourceTree = "<group>"; };
		1F8E96551C6D77620038A6C9 /* SwiftFunctional.playground */ = {isa = PBXFileReference; lastKnownFileType = file.playground; path = SwiftFunctional.playground; sourceTree = "<group>"; };
		1FA4A52F1BE993040076ECAA /* BasicOperatorsDemo.swift */ = {isa = PBXFileReference; fileEncoding = 4; lastKnownFileType = sourcecode.swift; path = BasicOperatorsDemo.swift; sourceTree = "<group>"; };
		1FA4A5321BE9D0190076ECAA /* StringsAndCharactersDemo.swift */ = {isa = PBXFileReference; fileEncoding = 4; lastKnownFileType = sourcecode.swift; path = StringsAndCharactersDemo.swift; sourceTree = "<group>"; };
		1FA4A5351BEB294A0076ECAA /* CollectionTypesDemo.swift */ = {isa = PBXFileReference; fileEncoding = 4; lastKnownFileType = sourcecode.swift; path = CollectionTypesDemo.swift; sourceTree = "<group>"; };
		1FAAFB7B1BE85AEA007023B7 /* SwiftSum.app */ = {isa = PBXFileReference; explicitFileType = wrapper.application; includeInIndex = 0; path = SwiftSum.app; sourceTree = BUILT_PRODUCTS_DIR; };
		1FAAFB7E1BE85AEA007023B7 /* AppDelegate.swift */ = {isa = PBXFileReference; lastKnownFileType = sourcecode.swift; path = AppDelegate.swift; sourceTree = "<group>"; };
		1FAAFB831BE85AEA007023B7 /* Base */ = {isa = PBXFileReference; lastKnownFileType = file.storyboard; name = Base; path = Base.lproj/Main.storyboard; sourceTree = "<group>"; };
		1FAAFB851BE85AEA007023B7 /* Assets.xcassets */ = {isa = PBXFileReference; lastKnownFileType = folder.assetcatalog; path = Assets.xcassets; sourceTree = "<group>"; };
		1FAAFB8A1BE85AEA007023B7 /* Info.plist */ = {isa = PBXFileReference; lastKnownFileType = text.plist.xml; path = Info.plist; sourceTree = "<group>"; };
		1FAAFB8F1BE85AEB007023B7 /* SwiftSumTests.xctest */ = {isa = PBXFileReference; explicitFileType = wrapper.cfbundle; includeInIndex = 0; path = SwiftSumTests.xctest; sourceTree = BUILT_PRODUCTS_DIR; };
		1FAAFB931BE85AEB007023B7 /* SwiftSumTests.swift */ = {isa = PBXFileReference; lastKnownFileType = sourcecode.swift; path = SwiftSumTests.swift; sourceTree = "<group>"; };
		1FAAFB951BE85AEB007023B7 /* Info.plist */ = {isa = PBXFileReference; lastKnownFileType = text.plist.xml; path = Info.plist; sourceTree = "<group>"; };
		1FAAFB9A1BE85AEB007023B7 /* SwiftSumUITests.xctest */ = {isa = PBXFileReference; explicitFileType = wrapper.cfbundle; includeInIndex = 0; path = SwiftSumUITests.xctest; sourceTree = BUILT_PRODUCTS_DIR; };
		1FAAFB9E1BE85AEB007023B7 /* SwiftSumUITests.swift */ = {isa = PBXFileReference; lastKnownFileType = sourcecode.swift; path = SwiftSumUITests.swift; sourceTree = "<group>"; };
		1FAAFBA01BE85AEB007023B7 /* Info.plist */ = {isa = PBXFileReference; lastKnownFileType = text.plist.xml; path = Info.plist; sourceTree = "<group>"; };
		1FAAFBAC1BE85BE5007023B7 /* BaseNavigationController.swift */ = {isa = PBXFileReference; fileEncoding = 4; lastKnownFileType = sourcecode.swift; path = BaseNavigationController.swift; sourceTree = "<group>"; };
		1FAAFBB11BE85C3C007023B7 /* YYBaseDemoController.swift */ = {isa = PBXFileReference; fileEncoding = 4; lastKnownFileType = sourcecode.swift; path = YYBaseDemoController.swift; sourceTree = "<group>"; };
		1FAAFBB51BE87B31007023B7 /* SwiftLearnDemo.swift */ = {isa = PBXFileReference; fileEncoding = 4; lastKnownFileType = sourcecode.swift; path = SwiftLearnDemo.swift; sourceTree = "<group>"; };
		1FAAFBBA1BE8878A007023B7 /* UITableView+Extension.swift */ = {isa = PBXFileReference; fileEncoding = 4; lastKnownFileType = sourcecode.swift; path = "UITableView+Extension.swift"; sourceTree = "<group>"; };
		1FAF60261CB940AD0046CF3D /* ThreadSafeDemo.swift */ = {isa = PBXFileReference; fileEncoding = 4; lastKnownFileType = sourcecode.swift; path = ThreadSafeDemo.swift; sourceTree = "<group>"; };
		1FAF60341CBA9FC80046CF3D /* YYRunLoop.h */ = {isa = PBXFileReference; fileEncoding = 4; lastKnownFileType = sourcecode.c.h; path = YYRunLoop.h; sourceTree = "<group>"; };
		1FAF60351CBA9FC80046CF3D /* YYRunLoop.m */ = {isa = PBXFileReference; fileEncoding = 4; lastKnownFileType = sourcecode.c.objc; path = YYRunLoop.m; sourceTree = "<group>"; };
		1FAF60371CBB30BF0046CF3D /* YYLogger.swift */ = {isa = PBXFileReference; fileEncoding = 4; lastKnownFileType = sourcecode.swift; path = YYLogger.swift; sourceTree = "<group>"; };
		1FAF603A1CBB30E20046CF3D /* YYLoggerDemo.swift */ = {isa = PBXFileReference; fileEncoding = 4; lastKnownFileType = sourcecode.swift; path = YYLoggerDemo.swift; sourceTree = "<group>"; };
		1FB394951CCC6EC0005C1B0E /* NSDate+YYKit.swift */ = {isa = PBXFileReference; fileEncoding = 4; lastKnownFileType = sourcecode.swift; path = "NSDate+YYKit.swift"; sourceTree = "<group>"; };
		1FB394A51CCE06C0005C1B0E /* GoodsDetailViewController.swift */ = {isa = PBXFileReference; fileEncoding = 4; lastKnownFileType = sourcecode.swift; path = GoodsDetailViewController.swift; sourceTree = "<group>"; };
		1FB394A81CCE096F005C1B0E /* GoodsViewController.swift */ = {isa = PBXFileReference; fileEncoding = 4; lastKnownFileType = sourcecode.swift; path = GoodsViewController.swift; sourceTree = "<group>"; };
		1FB394AA1CCE098C005C1B0E /* GoodsDetailGraphicViewController.swift */ = {isa = PBXFileReference; fileEncoding = 4; lastKnownFileType = sourcecode.swift; path = GoodsDetailGraphicViewController.swift; sourceTree = "<group>"; };
		1FB394AC1CCE5867005C1B0E /* NetworkController.swift */ = {isa = PBXFileReference; fileEncoding = 4; lastKnownFileType = sourcecode.swift; path = NetworkController.swift; sourceTree = "<group>"; };
		1FB8C5611CD083810020E183 /* YYPresentationAnimator.swift */ = {isa = PBXFileReference; fileEncoding = 4; lastKnownFileType = sourcecode.swift; path = YYPresentationAnimator.swift; sourceTree = "<group>"; };
		1FB8C5641CD089C50020E183 /* CustomTransitionDemo.swift */ = {isa = PBXFileReference; fileEncoding = 4; lastKnownFileType = sourcecode.swift; path = CustomTransitionDemo.swift; sourceTree = "<group>"; };
		1FB8C5671CD195640020E183 /* 1-基础部分.playground */ = {isa = PBXFileReference; lastKnownFileType = file.playground; path = "1-基础部分.playground"; sourceTree = "<group>"; };
		1FB8C56C1CD1B3460020E183 /* YYInteractivityTransitionDelegate.swift */ = {isa = PBXFileReference; fileEncoding = 4; lastKnownFileType = sourcecode.swift; path = YYInteractivityTransitionDelegate.swift; sourceTree = "<group>"; };
		1FB8C56E1CD1B4030020E183 /* YYInteractivityTransitionAnimator.swift */ = {isa = PBXFileReference; fileEncoding = 4; lastKnownFileType = sourcecode.swift; path = YYInteractivityTransitionAnimator.swift; sourceTree = "<group>"; };
		1FB8C5701CD1BE8B0020E183 /* YYInteractivityTransition.swift */ = {isa = PBXFileReference; fileEncoding = 4; lastKnownFileType = sourcecode.swift; path = YYInteractivityTransition.swift; sourceTree = "<group>"; };
		1FDB55141BF0E60F0048E1F7 /* ClosuresDemo.swift */ = {isa = PBXFileReference; fileEncoding = 4; lastKnownFileType = sourcecode.swift; path = ClosuresDemo.swift; sourceTree = "<group>"; };
		1FE864E01CB3819100E013A1 /* RunLoopDemo.swift */ = {isa = PBXFileReference; fileEncoding = 4; lastKnownFileType = sourcecode.swift; path = RunLoopDemo.swift; sourceTree = "<group>"; };
		1FF133D91CCB25F600AD6822 /* ViewControllerGuideDemo.swift */ = {isa = PBXFileReference; fileEncoding = 4; lastKnownFileType = sourcecode.swift; path = ViewControllerGuideDemo.swift; sourceTree = "<group>"; };
		1FF133DE1CCB265500AD6822 /* TableViewController1.swift */ = {isa = PBXFileReference; fileEncoding = 4; lastKnownFileType = sourcecode.swift; path = TableViewController1.swift; sourceTree = "<group>"; };
		1FF133E01CCB266100AD6822 /* ViewController1.swift */ = {isa = PBXFileReference; fileEncoding = 4; lastKnownFileType = sourcecode.swift; path = ViewController1.swift; sourceTree = "<group>"; };
		1FF5D3E61BF9B841007F3766 /* EnumerationsDemo.swift */ = {isa = PBXFileReference; fileEncoding = 4; lastKnownFileType = sourcecode.swift; path = EnumerationsDemo.swift; sourceTree = "<group>"; };
		4CA32F90EF6765DEDBDFECA0 /* Pods_SwiftSum.framework */ = {isa = PBXFileReference; explicitFileType = wrapper.framework; includeInIndex = 0; path = Pods_SwiftSum.framework; sourceTree = BUILT_PRODUCTS_DIR; };
		BD4773DCA3BEA69320548ACD /* Pods.framework */ = {isa = PBXFileReference; explicitFileType = wrapper.framework; includeInIndex = 0; path = Pods.framework; sourceTree = BUILT_PRODUCTS_DIR; };
		EEB074A91C6445D6001CB1ED /* Observable+YYNetworking.swift */ = {isa = PBXFileReference; fileEncoding = 4; lastKnownFileType = sourcecode.swift; path = "Observable+YYNetworking.swift"; sourceTree = "<group>"; };
		EEB074AB1C6446D4001CB1ED /* YYAppToken.swift */ = {isa = PBXFileReference; fileEncoding = 4; lastKnownFileType = sourcecode.swift; path = YYAppToken.swift; sourceTree = "<group>"; };
		EEB074AD1C644B99001CB1ED /* YYApi.swift */ = {isa = PBXFileReference; fileEncoding = 4; lastKnownFileType = sourcecode.swift; path = YYApi.swift; sourceTree = "<group>"; };
		EEC450611C634B1D00328F54 /* main1.swift */ = {isa = PBXFileReference; fileEncoding = 4; lastKnownFileType = sourcecode.swift; path = main1.swift; sourceTree = "<group>"; };
		EEC450631C634B4700328F54 /* CommonDataSource.swift */ = {isa = PBXFileReference; fileEncoding = 4; lastKnownFileType = sourcecode.swift; path = CommonDataSource.swift; sourceTree = "<group>"; };
		EEC450651C634B6400328F54 /* UIButton+Extension.swift */ = {isa = PBXFileReference; fileEncoding = 4; lastKnownFileType = sourcecode.swift; path = "UIButton+Extension.swift"; sourceTree = "<group>"; };
		EEF281611C634EDC0004765A /* FuncProgramingDemo.swift */ = {isa = PBXFileReference; fileEncoding = 4; lastKnownFileType = sourcecode.swift; path = FuncProgramingDemo.swift; sourceTree = "<group>"; };
		EEF281641C634EFD0004765A /* SwifterController.swift */ = {isa = PBXFileReference; fileEncoding = 4; lastKnownFileType = sourcecode.swift; path = SwifterController.swift; sourceTree = "<group>"; };
		EEF281651C634EFD0004765A /* DemoSingle.swift */ = {isa = PBXFileReference; fileEncoding = 4; lastKnownFileType = sourcecode.swift; path = DemoSingle.swift; sourceTree = "<group>"; };
		EEF281661C634EFD0004765A /* MemoryManage.swift */ = {isa = PBXFileReference; fileEncoding = 4; lastKnownFileType = sourcecode.swift; path = MemoryManage.swift; sourceTree = "<group>"; };
		EEF281671C634EFD0004765A /* RegularExpression.swift */ = {isa = PBXFileReference; fileEncoding = 4; lastKnownFileType = sourcecode.swift; path = RegularExpression.swift; sourceTree = "<group>"; };
		EEF281681C634EFD0004765A /* TypeIntroduction.swift */ = {isa = PBXFileReference; fileEncoding = 4; lastKnownFileType = sourcecode.swift; path = TypeIntroduction.swift; sourceTree = "<group>"; };
		EEF281691C634EFD0004765A /* FoundationAbout.swift */ = {isa = PBXFileReference; fileEncoding = 4; lastKnownFileType = sourcecode.swift; path = FoundationAbout.swift; sourceTree = "<group>"; };
		EEF2816A1C634EFD0004765A /* UnsafePointer.swift */ = {isa = PBXFileReference; fileEncoding = 4; lastKnownFileType = sourcecode.swift; path = UnsafePointer.swift; sourceTree = "<group>"; };
		EEF281751C6356170004765A /* Recommend.swift */ = {isa = PBXFileReference; fileEncoding = 4; lastKnownFileType = sourcecode.swift; path = Recommend.swift; sourceTree = "<group>"; };
		EEF281791C63567C0004765A /* NetworkDemo.swift */ = {isa = PBXFileReference; fileEncoding = 4; lastKnownFileType = sourcecode.swift; path = NetworkDemo.swift; sourceTree = "<group>"; };
/* End PBXFileReference section */

/* Begin PBXFrameworksBuildPhase section */
		1FAAFB781BE85AEA007023B7 /* Frameworks */ = {
			isa = PBXFrameworksBuildPhase;
			buildActionMask = 2147483647;
			files = (
				9165F9A41CF73485039B2659 /* Pods_SwiftSum.framework in Frameworks */,
			);
			runOnlyForDeploymentPostprocessing = 0;
		};
		1FAAFB8C1BE85AEB007023B7 /* Frameworks */ = {
			isa = PBXFrameworksBuildPhase;
			buildActionMask = 2147483647;
			files = (
			);
			runOnlyForDeploymentPostprocessing = 0;
		};
		1FAAFB971BE85AEB007023B7 /* Frameworks */ = {
			isa = PBXFrameworksBuildPhase;
			buildActionMask = 2147483647;
			files = (
			);
			runOnlyForDeploymentPostprocessing = 0;
		};
/* End PBXFrameworksBuildPhase section */

/* Begin PBXGroup section */
		1E4C500BA0A1E534980EDC51 /* Pods */ = {
			isa = PBXGroup;
			children = (
				17B50F287DB4AB47FFE3E73B /* Pods-SwiftSum.debug.xcconfig */,
				0533D2FD75DE83649AAC442D /* Pods-SwiftSum.release.xcconfig */,
			);
			name = Pods;
			sourceTree = "<group>";
		};
		1F00971D1CB4A4CC003A063F /* 多线程相关 */ = {
			isa = PBXGroup;
			children = (
				1F5A73241CBE1792002B0D19 /* GCD */,
				1F5A73201CBDDF19002B0D19 /* NSOperationQueue */,
				1F5A73211CBDDF2E002B0D19 /* NSThread */,
				1F00971B1CB4A4C6003A063F /* ThreadDemo.swift */,
			);
			path = "多线程相关";
			sourceTree = "<group>";
		};
		1F0097221CB56051003A063F /* Swift中的iOS设计模式 */ = {
			isa = PBXGroup;
			children = (
				1F0097271CB560E1003A063F /* API */,
				1F0097431CB6A62E003A063F /* View */,
				1F00972A1CB5E7EF003A063F /* Album.swift */,
				1F0097201CB56037003A063F /* DesignPatternDemo.swift */,
				1F0097231CB5606F003A063F /* Music.storyboard */,
				1F0097281CB56130003A063F /* MusicController.swift */,
			);
			path = "Swift中的iOS设计模式";
			sourceTree = "<group>";
		};
		1F0097271CB560E1003A063F /* API */ = {
			isa = PBXGroup;
			children = (
				1F0097251CB560DB003A063F /* HTTPClient.swift */,
				1F00972E1CB5EBD2003A063F /* LibraryAPI.swift */,
			);
			path = API;
			sourceTree = "<group>";
		};
		1F0097341CB60D7B003A063F /* 自定义事件源 */ = {
			isa = PBXGroup;
			children = (
				1F00973F1CB622A8003A063F /* MainCollectionViewController.storyboard */,
				1F0097321CB60D75003A063F /* MainCollectionViewController.swift */,
				1F0097351CB60DBD003A063F /* MainThreadRunLoopSource.swift */,
				1F0097371CB60DF5003A063F /* MainThreadRunLoopSourceContext.swift */,
				1F00973D1CB60E57003A063F /* RunLoopSourceManager.swift */,
				1F0097391CB60E0F003A063F /* SecondaryThreadRunLoopSource.swift */,
				1F00973B1CB60E28003A063F /* SecondaryThreadRunLoopSourceContext.swift */,
			);
			path = "自定义事件源";
			sourceTree = "<group>";
		};
		1F0097431CB6A62E003A063F /* View */ = {
			isa = PBXGroup;
			children = (
				1F00972C1CB5E894003A063F /* AlbumView.swift */,
				1F0097411CB6A629003A063F /* HorizontalScroller.swift */,
			);
			path = View;
			sourceTree = "<group>";
		};
		1F0097481CB8F2BD003A063F /* 配置基于端口的事件源 */ = {
			isa = PBXGroup;
			children = (
				1F0097461CB8F2B0003A063F /* NSMachPortDemo.swift */,
			);
			path = "配置基于端口的事件源";
			sourceTree = "<group>";
		};
		1F075BE01C4B4F560013C815 /* YYLibDemo */ = {
			isa = PBXGroup;
			children = (
				1FB394AE1CCEF4F0005C1B0E /* MVC-N模式 */,
				1F5B67BC1CACF08C003CFD75 /* NetworkDemo */,
				1FAF60391CBB30C70046CF3D /* YYLoggerDemo */,
				1FB394A71CCE06DD005C1B0E /* 仿淘宝商品详情 */,
				1F2F692A1C9A7FC900A3F432 /* 类型化的TableViewController  */,
				1F075BDE1C4B4F480013C815 /* YYLibsDemo.swift */,
			);
			path = YYLibDemo;
			sourceTree = "<group>";
		};
		1F12662A1C719E3800DD69E6 /* 2-函数式反应型编程FRP */ = {
			isa = PBXGroup;
			children = (
				1F8E96541C6D75C00038A6C9 /* FRP.playground */,
			);
			path = "2-函数式反应型编程FRP";
			sourceTree = "<group>";
		};
		1F12662C1C721C6E00DD69E6 /* 3-RxSwift基础概念 */ = {
			isa = PBXGroup;
			children = (
				1F12662B1C721C6200DD69E6 /* RxSwiftBasic.playground */,
			);
			path = "3-RxSwift基础概念";
			sourceTree = "<group>";
		};
		1F139B3C1C8140B0005E89EB /* ThirdLibDemo */ = {
			isa = PBXGroup;
			children = (
				1F792CB41C89714F00EE70D4 /* GithubSignupDemo */,
				1F139B3F1C8141CE005E89EB /* ThirdLibDemo.swift */,
			);
			path = ThirdLibDemo;
			sourceTree = "<group>";
		};
		1F288D9E1CAD1FDC00180316 /* images */ = {
			isa = PBXGroup;
			children = (
				1F288D981CAD1FD000180316 /* rotation.png */,
				1F288D991CAD1FD000180316 /* swipe.png */,
				1F288D9A1CAD1FD000180316 /* tap.png */,
			);
			path = images;
			sourceTree = "<group>";
		};
		1F289A011CC48A9600988E82 /* ViewGuide */ = {
			isa = PBXGroup;
			children = (
				1F289A041CC5C0E000988E82 /* AnimationsDemo.swift */,
				1F289A021CC48AE300988E82 /* AutoresizingMaskDemo.swift */,
				1F2899FF1CC48A8100988E82 /* ViewGuideDemo.swift */,
			);
			path = ViewGuide;
			sourceTree = "<group>";
		};
		1F2F692A1C9A7FC900A3F432 /* 类型化的TableViewController  */ = {
			isa = PBXGroup;
			children = (
				1F2F692B1C9A86D000A3F432 /* ImageCellViewData.swift */,
				1F2F692C1C9A86D000A3F432 /* ImageTableViewCell.swift */,
				1F2F692D1C9A86D000A3F432 /* TextCellViewData.swift */,
				1F2F692E1C9A86D000A3F432 /* TextTableViewCell.swift */,
				1F2F69331C9A86DA00A3F432 /* UITableViewCell+Margins.swift */,
				1F2F69281C9A7FC400A3F432 /* YYConfigurableTableViewController.swift */,
			);
			path = "类型化的TableViewController ";
			sourceTree = "<group>";
		};
		1F5A73201CBDDF19002B0D19 /* NSOperationQueue */ = {
			isa = PBXGroup;
			children = (
				1F1656831CBCCF740015F570 /* NSOperationQueueDemo.swift */,
				1F5A731E1CBDDF0F002B0D19 /* NSOperationSettingDemo.swift */,
			);
			path = NSOperationQueue;
			sourceTree = "<group>";
		};
		1F5A73211CBDDF2E002B0D19 /* NSThread */ = {
			isa = PBXGroup;
			children = (
				1F00971E1CB4A4F0003A063F /* TestThread.swift */,
				1FAF60261CB940AD0046CF3D /* ThreadSafeDemo.swift */,
			);
			path = NSThread;
			sourceTree = "<group>";
		};
		1F5A73241CBE1792002B0D19 /* GCD */ = {
			isa = PBXGroup;
			children = (
				1F5A73221CBE178E002B0D19 /* GCDDemo.swift */,
			);
			path = GCD;
			sourceTree = "<group>";
		};
		1F5B67BC1CACF08C003CFD75 /* NetworkDemo */ = {
			isa = PBXGroup;
			children = (
				EEF281791C63567C0004765A /* NetworkDemo.swift */,
			);
			path = NetworkDemo;
			sourceTree = "<group>";
		};
		1F5B67BF1CACF0DC003CFD75 /* SystemDemo */ = {
			isa = PBXGroup;
			children = (
				1FE864E21CB3819600E013A1 /* Runloop相关 */,
				1F0097221CB56051003A063F /* Swift中的iOS设计模式 */,
				1FF133DB1CCB25FC00AD6822 /* ViewControllerGuide */,
				1F289A011CC48A9600988E82 /* ViewGuide */,
				1F5B67C91CACF376003CFD75 /* 事件和手势 */,
				1F00971D1CB4A4CC003A063F /* 多线程相关 */,
				1F5B67BD1CACF0D5003CFD75 /* SystemDemo.swift */,
				1FB8C5631CD089600020E183 /* 自定义转场动画 */,
			);
			path = SystemDemo;
			sourceTree = "<group>";
		};
		1F5B67C41CACF228003CFD75 /* Main */ = {
			isa = PBXGroup;
			children = (
				1FAAFB821BE85AEA007023B7 /* Main.storyboard */,
				1F5B67C21CACF219003CFD75 /* MainController.swift */,
			);
			path = Main;
			sourceTree = "<group>";
		};
		1F5B67C91CACF376003CFD75 /* 事件和手势 */ = {
			isa = PBXGroup;
			children = (
				1F5B67DD1CAD0D4A003CFD75 /* 手势 */,
				1F5B67C51CACF341003CFD75 /* EventAndGestureDemo.storyboard */,
				1F5B67C71CACF36E003CFD75 /* EventAndGestureDemo.swift */,
			);
			path = "事件和手势";
			sourceTree = "<group>";
		};
		1F5B67CE1CACF42C003CFD75 /* ViewController */ = {
			isa = PBXGroup;
			children = (
				1F5B67CC1CACF41C003CFD75 /* ViewController+YYKit.swift */,
			);
			path = ViewController;
			sourceTree = "<group>";
		};
		1F5B67D31CAD059D003CFD75 /* String */ = {
			isa = PBXGroup;
			children = (
				1F139B501C873655005E89EB /* String+YYKit.swift */,
			);
			path = String;
			sourceTree = "<group>";
		};
		1F5B67D41CAD05A5003CFD75 /* UIButton */ = {
			isa = PBXGroup;
			children = (
				EEC450651C634B6400328F54 /* UIButton+Extension.swift */,
			);
			path = UIButton;
			sourceTree = "<group>";
		};
		1F5B67D91CAD0A66003CFD75 /* UIView */ = {
			isa = PBXGroup;
			children = (
				1F5B67D51CAD05BF003CFD75 /* UIView+YYKit.swift */,
			);
			path = UIView;
			sourceTree = "<group>";
		};
		1F5B67DA1CAD0A6E003CFD75 /* NSObject */ = {
			isa = PBXGroup;
			children = (
				1F5B67D71CAD0773003CFD75 /* NSObject+YYKit.swift */,
			);
			path = NSObject;
			sourceTree = "<group>";
		};
		1F5B67DD1CAD0D4A003CFD75 /* 手势 */ = {
			isa = PBXGroup;
			children = (
				1F288D9E1CAD1FDC00180316 /* images */,
				1F288DA11CB1FD0600180316 /* DeliveryTouchesDemo.swift */,
				1F5B67CA1CACF3BC003CFD75 /* GestureDemo.swift */,
				1F5B67CF1CAD019D003CFD75 /* GestureDemoChild.swift */,
				1F5B67D11CAD02FB003CFD75 /* GestureTestView.swift */,
				1F5B67DB1CAD0D40003CFD75 /* SimpleGestureRecognizers.swift */,
				1F288D961CAD174500180316 /* SimpleGestureRecognizers.xib */,
				1F288DA31CB216C800180316 /* YYCycleGestureRecognizer.swift */,
				1F288D9F1CAE622F00180316 /* YYPanGestureRecognizer.swift */,
			);
			path = "手势";
			sourceTree = "<group>";
		};
		1F5D19E91BF0366A0049F342 /* 函数 */ = {
			isa = PBXGroup;
			children = (
				1F5D19E71BF036450049F342 /* FunctionsDemo.swift */,
			);
			path = "函数";
			sourceTree = "<group>";
		};
		1F792CB41C89714F00EE70D4 /* GithubSignupDemo */ = {
			isa = PBXGroup;
			children = (
				1F139B4E1C83449E005E89EB /* GitHubAPI.swift */,
				1F792CB51C89716A00EE70D4 /* GithubSignupViewModel.swift */,
				1F139B471C814523005E89EB /* RxSwiftDemo.swift */,
				1F139B481C814523005E89EB /* RxSwiftDemo.xib */,
				1F792CB91C8991A900EE70D4 /* ValidationResult.swift */,
				1F792CB71C89761A00EE70D4 /* Wireframe.swift */,
			);
			path = GithubSignupDemo;
			sourceTree = "<group>";
		};
		1F87A2A21CA3B9F30001519E /* App */ = {
			isa = PBXGroup;
			children = (
				1F87A29E1CA3B9EB0001519E /* AppColor.swift */,
				1F87A29D1CA3B9EB0001519E /* AppConfig.swift */,
				1FAAFB7E1BE85AEA007023B7 /* AppDelegate.swift */,
				1F87A29C1CA3B9EB0001519E /* AppManager.swift */,
				1FAAFB8A1BE85AEA007023B7 /* Info.plist */,
				EEC450611C634B1D00328F54 /* main1.swift */,
			);
			path = App;
			sourceTree = "<group>";
		};
		1F87A2A31CA3BA130001519E /* Resource */ = {
			isa = PBXGroup;
			children = (
				1FAAFB851BE85AEA007023B7 /* Assets.xcassets */,
			);
			path = Resource;
			sourceTree = "<group>";
		};
		1F8E96531C6D74830038A6C9 /* Swift官方指导 */ = {
			isa = PBXGroup;
			children = (
				1F5D19E91BF0366A0049F342 /* 函数 */,
				1FA4A5341BE9D0210076ECAA /* 字符串和字符 */,
				1FF5D3E81BF9B844007F3766 /* 枚举 */,
				1FA4A5311BE993110076ECAA /* 运算符和控制流 */,
				1FDB55161BF0E6130048E1F7 /* 闭包 */,
				1FA4A5371BEB29520076ECAA /* 集合类型 */,
				1FB8C5671CD195640020E183 /* 1-基础部分.playground */,
			);
			path = "Swift官方指导";
			sourceTree = "<group>";
		};
		1F8E96561C6D77670038A6C9 /* 1-Swift数组高阶函数Map等使用 */ = {
			isa = PBXGroup;
			children = (
				1F8E96551C6D77620038A6C9 /* SwiftFunctional.playground */,
			);
			path = "1-Swift数组高阶函数Map等使用";
			sourceTree = "<group>";
		};
		1FA4A5311BE993110076ECAA /* 运算符和控制流 */ = {
			isa = PBXGroup;
			children = (
				1FA4A52F1BE993040076ECAA /* BasicOperatorsDemo.swift */,
			);
			path = "运算符和控制流";
			sourceTree = "<group>";
		};
		1FA4A5341BE9D0210076ECAA /* 字符串和字符 */ = {
			isa = PBXGroup;
			children = (
				1FA4A5321BE9D0190076ECAA /* StringsAndCharactersDemo.swift */,
			);
			path = "字符串和字符";
			sourceTree = "<group>";
		};
		1FA4A5371BEB29520076ECAA /* 集合类型 */ = {
			isa = PBXGroup;
			children = (
				1FA4A5351BEB294A0076ECAA /* CollectionTypesDemo.swift */,
			);
			path = "集合类型";
			sourceTree = "<group>";
		};
		1FAAFB721BE85AEA007023B7 = {
			isa = PBXGroup;
			children = (
				E1DC6F11828EDC66E6227FA9 /* Frameworks */,
				1E4C500BA0A1E534980EDC51 /* Pods */,
				1FAAFB7C1BE85AEA007023B7 /* Products */,
				1FAAFB7D1BE85AEA007023B7 /* SwiftSum */,
				1FAAFB921BE85AEB007023B7 /* SwiftSumTests */,
				1FAAFB9D1BE85AEB007023B7 /* SwiftSumUITests */,
			);
			sourceTree = "<group>";
		};
		1FAAFB7C1BE85AEA007023B7 /* Products */ = {
			isa = PBXGroup;
			children = (
				1FAAFB7B1BE85AEA007023B7 /* SwiftSum.app */,
				1FAAFB8F1BE85AEB007023B7 /* SwiftSumTests.xctest */,
				1FAAFB9A1BE85AEB007023B7 /* SwiftSumUITests.xctest */,
			);
			name = Products;
			sourceTree = "<group>";
		};
		1FAAFB7D1BE85AEA007023B7 /* SwiftSum */ = {
			isa = PBXGroup;
			children = (
				1F87A2A21CA3B9F30001519E /* App */,
				1F87A2A31CA3BA130001519E /* Resource */,
				1FAAFBB71BE8878A007023B7 /* Service */,
				1FAAFBAE1BE85BEB007023B7 /* UI */,
			);
			path = SwiftSum;
			sourceTree = "<group>";
		};
		1FAAFB921BE85AEB007023B7 /* SwiftSumTests */ = {
			isa = PBXGroup;
			children = (
				1FAAFB951BE85AEB007023B7 /* Info.plist */,
				1FAAFB931BE85AEB007023B7 /* SwiftSumTests.swift */,
			);
			path = SwiftSumTests;
			sourceTree = "<group>";
		};
		1FAAFB9D1BE85AEB007023B7 /* SwiftSumUITests */ = {
			isa = PBXGroup;
			children = (
				1FAAFBA01BE85AEB007023B7 /* Info.plist */,
				1FAAFB9E1BE85AEB007023B7 /* SwiftSumUITests.swift */,
			);
			path = SwiftSumUITests;
			sourceTree = "<group>";
		};
		1FAAFBAE1BE85BEB007023B7 /* UI */ = {
			isa = PBXGroup;
			children = (
				1FAAFBAF1BE85BFE007023B7 /* BaseViewController */,
				1F5B67C41CACF228003CFD75 /* Main */,
				1FAAFBB01BE85C14007023B7 /* SwiftLearn */,
				1F5B67BF1CACF0DC003CFD75 /* SystemDemo */,
				1F139B3C1C8140B0005E89EB /* ThirdLibDemo */,
				1F075BE01C4B4F560013C815 /* YYLibDemo */,
			);
			path = UI;
			sourceTree = "<group>";
		};
		1FAAFBAF1BE85BFE007023B7 /* BaseViewController */ = {
			isa = PBXGroup;
			children = (
				1FAAFBAC1BE85BE5007023B7 /* BaseNavigationController.swift */,
				1F139B4B1C814844005E89EB /* Setting.swift */,
				1FAAFBB11BE85C3C007023B7 /* YYBaseDemoController.swift */,
				1F5B67C01CACF1A8003CFD75 /* YYBaseTabBarController.swift */,
			);
			path = BaseViewController;
			sourceTree = "<group>";
		};
		1FAAFBB01BE85C14007023B7 /* SwiftLearn */ = {
			isa = PBXGroup;
			children = (
				EEF281721C634F020004765A /* Swifter练习 */,
				1F8E96531C6D74830038A6C9 /* Swift官方指导 */,
				EEF281631C634EE30004765A /* 函数式编程 */,
				1FAAFBB51BE87B31007023B7 /* SwiftLearnDemo.swift */,
			);
			path = SwiftLearn;
			sourceTree = "<group>";
		};
		1FAAFBB71BE8878A007023B7 /* Service */ = {
			isa = PBXGroup;
			children = (
				1FAAFBB81BE8878A007023B7 /* Categorys */,
				EEB074A81C644561001CB1ED /* YYNetworking */,
				EEC450631C634B4700328F54 /* CommonDataSource.swift */,
			);
			path = Service;
			sourceTree = "<group>";
		};
		1FAAFBB81BE8878A007023B7 /* Categorys */ = {
			isa = PBXGroup;
			children = (
				1FB394971CCC7273005C1B0E /* NSDate */,
				1F5B67DA1CAD0A6E003CFD75 /* NSObject */,
				1F5B67D31CAD059D003CFD75 /* String */,
				1F5B67D41CAD05A5003CFD75 /* UIButton */,
				1FAAFBB91BE8878A007023B7 /* UITableView */,
				1F5B67D91CAD0A66003CFD75 /* UIView */,
				1F5B67CE1CACF42C003CFD75 /* ViewController */,
			);
			path = Categorys;
			sourceTree = "<group>";
		};
		1FAAFBB91BE8878A007023B7 /* UITableView */ = {
			isa = PBXGroup;
			children = (
				1FAAFBBA1BE8878A007023B7 /* UITableView+Extension.swift */,
			);
			path = UITableView;
			sourceTree = "<group>";
		};
		1FAF60391CBB30C70046CF3D /* YYLoggerDemo */ = {
			isa = PBXGroup;
			children = (
				1FAF60371CBB30BF0046CF3D /* YYLogger.swift */,
				1FAF603A1CBB30E20046CF3D /* YYLoggerDemo.swift */,
			);
			path = YYLoggerDemo;
			sourceTree = "<group>";
		};
		1FB394971CCC7273005C1B0E /* NSDate */ = {
			isa = PBXGroup;
			children = (
				1FB394951CCC6EC0005C1B0E /* NSDate+YYKit.swift */,
			);
			path = NSDate;
			sourceTree = "<group>";
		};
		1FB394A71CCE06DD005C1B0E /* 仿淘宝商品详情 */ = {
			isa = PBXGroup;
			children = (
				1FB394AA1CCE098C005C1B0E /* GoodsDetailGraphicViewController.swift */,
				1FB394A51CCE06C0005C1B0E /* GoodsDetailViewController.swift */,
				1FB394A81CCE096F005C1B0E /* GoodsViewController.swift */,
			);
			path = "仿淘宝商品详情";
			sourceTree = "<group>";
		};
		1FB394AE1CCEF4F0005C1B0E /* MVC-N模式 */ = {
			isa = PBXGroup;
			children = (
				1FB394AC1CCE5867005C1B0E /* NetworkController.swift */,
			);
			path = "MVC-N模式";
			sourceTree = "<group>";
		};
		1FB8C5631CD089600020E183 /* 自定义转场动画 */ = {
			isa = PBXGroup;
			children = (
				1FB8C5641CD089C50020E183 /* CustomTransitionDemo.swift */,
				1FB8C5661CD089D00020E183 /* Presentation动画 */,
			);
			name = "自定义转场动画";
			sourceTree = "<group>";
		};
		1FB8C5661CD089D00020E183 /* Presentation动画 */ = {
			isa = PBXGroup;
			children = (
				1FB8C5721CD1D8180020E183 /* 交互式的 */,
				1FB8C5741CD1D8300020E183 /* 非交互式的 */,
			);
			name = "Presentation动画";
			sourceTree = "<group>";
		};
		1FB8C5721CD1D8180020E183 /* 交互式的 */ = {
			isa = PBXGroup;
			children = (
				1FB8C56C1CD1B3460020E183 /* YYInteractivityTransitionDelegate.swift */,
				1FB8C56E1CD1B4030020E183 /* YYInteractivityTransitionAnimator.swift */,
				1FB8C5701CD1BE8B0020E183 /* YYInteractivityTransition.swift */,
			);
			name = "交互式的";
			sourceTree = "<group>";
		};
		1FB8C5741CD1D8300020E183 /* 非交互式的 */ = {
			isa = PBXGroup;
			children = (
				1FB8C5611CD083810020E183 /* YYPresentationAnimator.swift */,
			);
			name = "非交互式的";
			sourceTree = "<group>";
		};
		1FDB55161BF0E6130048E1F7 /* 闭包 */ = {
			isa = PBXGroup;
			children = (
				1FDB55141BF0E60F0048E1F7 /* ClosuresDemo.swift */,
			);
			path = "闭包";
			sourceTree = "<group>";
		};
		1FE864E21CB3819600E013A1 /* Runloop相关 */ = {
			isa = PBXGroup;
			children = (
				1F0097341CB60D7B003A063F /* 自定义事件源 */,
				1F0097481CB8F2BD003A063F /* 配置基于端口的事件源 */,
				1FE864E01CB3819100E013A1 /* RunLoopDemo.swift */,
				1F0C13491CB38C050045FCB7 /* TestRunLoop.swift */,
				1F0097441CB8EF70003A063F /* TestTimer.swift */,
				1FAF60341CBA9FC80046CF3D /* YYRunLoop.h */,
				1FAF60351CBA9FC80046CF3D /* YYRunLoop.m */,
			);
			path = "Runloop相关";
			sourceTree = "<group>";
		};
		1FF133DB1CCB25FC00AD6822 /* ViewControllerGuide */ = {
			isa = PBXGroup;
			children = (
				1FF133DE1CCB265500AD6822 /* TableViewController1.swift */,
				1FF133E01CCB266100AD6822 /* ViewController1.swift */,
				1FF133D91CCB25F600AD6822 /* ViewControllerGuideDemo.swift */,
			);
			path = ViewControllerGuide;
			sourceTree = "<group>";
		};
		1FF5D3E81BF9B844007F3766 /* 枚举 */ = {
			isa = PBXGroup;
			children = (
				1FF5D3E61BF9B841007F3766 /* EnumerationsDemo.swift */,
			);
			path = "枚举";
			sourceTree = "<group>";
		};
		E1DC6F11828EDC66E6227FA9 /* Frameworks */ = {
			isa = PBXGroup;
			children = (
				BD4773DCA3BEA69320548ACD /* Pods.framework */,
				4CA32F90EF6765DEDBDFECA0 /* Pods_SwiftSum.framework */,
			);
			name = Frameworks;
			sourceTree = "<group>";
		};
		EEB074A81C644561001CB1ED /* YYNetworking */ = {
			isa = PBXGroup;
			children = (
				EEB074A91C6445D6001CB1ED /* Observable+YYNetworking.swift */,
				EEF281751C6356170004765A /* Recommend.swift */,
				EEB074AD1C644B99001CB1ED /* YYApi.swift */,
				EEB074AB1C6446D4001CB1ED /* YYAppToken.swift */,
			);
			path = YYNetworking;
			sourceTree = "<group>";
		};
		EEF281631C634EE30004765A /* 函数式编程 */ = {
			isa = PBXGroup;
			children = (
				1F8E96561C6D77670038A6C9 /* 1-Swift数组高阶函数Map等使用 */,
				1F12662A1C719E3800DD69E6 /* 2-函数式反应型编程FRP */,
				1F12662C1C721C6E00DD69E6 /* 3-RxSwift基础概念 */,
				EEF281611C634EDC0004765A /* FuncProgramingDemo.swift */,
			);
			path = "函数式编程";
			sourceTree = "<group>";
		};
		EEF281721C634F020004765A /* Swifter练习 */ = {
			isa = PBXGroup;
			children = (
				EEF281651C634EFD0004765A /* DemoSingle.swift */,
				EEF281691C634EFD0004765A /* FoundationAbout.swift */,
				EEF281661C634EFD0004765A /* MemoryManage.swift */,
				EEF281671C634EFD0004765A /* RegularExpression.swift */,
				EEF281641C634EFD0004765A /* SwifterController.swift */,
				EEF281681C634EFD0004765A /* TypeIntroduction.swift */,
				EEF2816A1C634EFD0004765A /* UnsafePointer.swift */,
			);
			path = "Swifter练习";
			sourceTree = "<group>";
		};
/* End PBXGroup section */

/* Begin PBXNativeTarget section */
		1FAAFB7A1BE85AEA007023B7 /* SwiftSum */ = {
			isa = PBXNativeTarget;
			buildConfigurationList = 1FAAFBA31BE85AEB007023B7 /* Build configuration list for PBXNativeTarget "SwiftSum" */;
			buildPhases = (
				50CAECC1891ED21EBBB547C7 /* Check Pods Manifest.lock */,
				1FAAFB771BE85AEA007023B7 /* Sources */,
				1FAAFB781BE85AEA007023B7 /* Frameworks */,
				1FAAFB791BE85AEA007023B7 /* Resources */,
				5040F177A6ED0051E791495E /* Embed Pods Frameworks */,
				0ABA56A4EE79FA10145591F1 /* Copy Pods Resources */,
			);
			buildRules = (
			);
			dependencies = (
			);
			name = SwiftSum;
			productName = SwiftSum;
			productReference = 1FAAFB7B1BE85AEA007023B7 /* SwiftSum.app */;
			productType = "com.apple.product-type.application";
		};
		1FAAFB8E1BE85AEB007023B7 /* SwiftSumTests */ = {
			isa = PBXNativeTarget;
			buildConfigurationList = 1FAAFBA61BE85AEB007023B7 /* Build configuration list for PBXNativeTarget "SwiftSumTests" */;
			buildPhases = (
				1FAAFB8B1BE85AEB007023B7 /* Sources */,
				1FAAFB8C1BE85AEB007023B7 /* Frameworks */,
				1FAAFB8D1BE85AEB007023B7 /* Resources */,
			);
			buildRules = (
			);
			dependencies = (
				1FAAFB911BE85AEB007023B7 /* PBXTargetDependency */,
			);
			name = SwiftSumTests;
			productName = SwiftSumTests;
			productReference = 1FAAFB8F1BE85AEB007023B7 /* SwiftSumTests.xctest */;
			productType = "com.apple.product-type.bundle.unit-test";
		};
		1FAAFB991BE85AEB007023B7 /* SwiftSumUITests */ = {
			isa = PBXNativeTarget;
			buildConfigurationList = 1FAAFBA91BE85AEB007023B7 /* Build configuration list for PBXNativeTarget "SwiftSumUITests" */;
			buildPhases = (
				1FAAFB961BE85AEB007023B7 /* Sources */,
				1FAAFB971BE85AEB007023B7 /* Frameworks */,
				1FAAFB981BE85AEB007023B7 /* Resources */,
			);
			buildRules = (
			);
			dependencies = (
				1FAAFB9C1BE85AEB007023B7 /* PBXTargetDependency */,
			);
			name = SwiftSumUITests;
			productName = SwiftSumUITests;
			productReference = 1FAAFB9A1BE85AEB007023B7 /* SwiftSumUITests.xctest */;
			productType = "com.apple.product-type.bundle.ui-testing";
		};
/* End PBXNativeTarget section */

/* Begin PBXProject section */
		1FAAFB731BE85AEA007023B7 /* Project object */ = {
			isa = PBXProject;
			attributes = {
				LastSwiftUpdateCheck = 0730;
				LastUpgradeCheck = 0710;
				ORGANIZATIONNAME = sihuan;
				TargetAttributes = {
					1FAAFB7A1BE85AEA007023B7 = {
						CreatedOnToolsVersion = 7.1;
						DevelopmentTeam = R6XRM4JTNP;
					};
					1FAAFB8E1BE85AEB007023B7 = {
						CreatedOnToolsVersion = 7.1;
						TestTargetID = 1FAAFB7A1BE85AEA007023B7;
					};
					1FAAFB991BE85AEB007023B7 = {
						CreatedOnToolsVersion = 7.1;
						TestTargetID = 1FAAFB7A1BE85AEA007023B7;
					};
				};
			};
			buildConfigurationList = 1FAAFB761BE85AEA007023B7 /* Build configuration list for PBXProject "SwiftSum" */;
			compatibilityVersion = "Xcode 3.2";
			developmentRegion = English;
			hasScannedForEncodings = 0;
			knownRegions = (
				en,
				Base,
			);
			mainGroup = 1FAAFB721BE85AEA007023B7;
			productRefGroup = 1FAAFB7C1BE85AEA007023B7 /* Products */;
			projectDirPath = "";
			projectRoot = "";
			targets = (
				1FAAFB7A1BE85AEA007023B7 /* SwiftSum */,
				1FAAFB8E1BE85AEB007023B7 /* SwiftSumTests */,
				1FAAFB991BE85AEB007023B7 /* SwiftSumUITests */,
			);
		};
/* End PBXProject section */

/* Begin PBXResourcesBuildPhase section */
		1FAAFB791BE85AEA007023B7 /* Resources */ = {
			isa = PBXResourcesBuildPhase;
			buildActionMask = 2147483647;
			files = (
				1F139B4A1C814523005E89EB /* RxSwiftDemo.xib in Resources */,
				1F0097401CB622A8003A063F /* MainCollectionViewController.storyboard in Resources */,
				1FAAFB861BE85AEA007023B7 /* Assets.xcassets in Resources */,
				1F288D971CAD174500180316 /* SimpleGestureRecognizers.xib in Resources */,
				1F288D9C1CAD1FD000180316 /* swipe.png in Resources */,
				1F288D9B1CAD1FD000180316 /* rotation.png in Resources */,
				1F5B67C61CACF341003CFD75 /* EventAndGestureDemo.storyboard in Resources */,
				1F0097241CB5606F003A063F /* Music.storyboard in Resources */,
				1FAAFB841BE85AEA007023B7 /* Main.storyboard in Resources */,
				1F288D9D1CAD1FD000180316 /* tap.png in Resources */,
			);
			runOnlyForDeploymentPostprocessing = 0;
		};
		1FAAFB8D1BE85AEB007023B7 /* Resources */ = {
			isa = PBXResourcesBuildPhase;
			buildActionMask = 2147483647;
			files = (
			);
			runOnlyForDeploymentPostprocessing = 0;
		};
		1FAAFB981BE85AEB007023B7 /* Resources */ = {
			isa = PBXResourcesBuildPhase;
			buildActionMask = 2147483647;
			files = (
			);
			runOnlyForDeploymentPostprocessing = 0;
		};
/* End PBXResourcesBuildPhase section */

/* Begin PBXShellScriptBuildPhase section */
		0ABA56A4EE79FA10145591F1 /* Copy Pods Resources */ = {
			isa = PBXShellScriptBuildPhase;
			buildActionMask = 2147483647;
			files = (
			);
			inputPaths = (
			);
			name = "Copy Pods Resources";
			outputPaths = (
			);
			runOnlyForDeploymentPostprocessing = 0;
			shellPath = /bin/sh;
			shellScript = "\"${SRCROOT}/Pods/Target Support Files/Pods-SwiftSum/Pods-SwiftSum-resources.sh\"\n";
			showEnvVarsInLog = 0;
		};
		5040F177A6ED0051E791495E /* Embed Pods Frameworks */ = {
			isa = PBXShellScriptBuildPhase;
			buildActionMask = 2147483647;
			files = (
			);
			inputPaths = (
			);
			name = "Embed Pods Frameworks";
			outputPaths = (
			);
			runOnlyForDeploymentPostprocessing = 0;
			shellPath = /bin/sh;
			shellScript = "\"${SRCROOT}/Pods/Target Support Files/Pods-SwiftSum/Pods-SwiftSum-frameworks.sh\"\n";
			showEnvVarsInLog = 0;
		};
		50CAECC1891ED21EBBB547C7 /* Check Pods Manifest.lock */ = {
			isa = PBXShellScriptBuildPhase;
			buildActionMask = 2147483647;
			files = (
			);
			inputPaths = (
			);
			name = "Check Pods Manifest.lock";
			outputPaths = (
			);
			runOnlyForDeploymentPostprocessing = 0;
			shellPath = /bin/sh;
			shellScript = "diff \"${PODS_ROOT}/../Podfile.lock\" \"${PODS_ROOT}/Manifest.lock\" > /dev/null\nif [[ $? != 0 ]] ; then\n    cat << EOM\nerror: The sandbox is not in sync with the Podfile.lock. Run 'pod install' or update your CocoaPods installation.\nEOM\n    exit 1\nfi\n";
			showEnvVarsInLog = 0;
		};
/* End PBXShellScriptBuildPhase section */

/* Begin PBXSourcesBuildPhase section */
		1FAAFB771BE85AEA007023B7 /* Sources */ = {
			isa = PBXSourcesBuildPhase;
			buildActionMask = 2147483647;
			files = (
				1F5A731F1CBDDF0F002B0D19 /* NSOperationSettingDemo.swift in Sources */,
				1F0097211CB56037003A063F /* DesignPatternDemo.swift in Sources */,
				1F139B491C814523005E89EB /* RxSwiftDemo.swift in Sources */,
				1F5B67CD1CACF41C003CFD75 /* ViewController+YYKit.swift in Sources */,
				1F00972B1CB5E7F0003A063F /* Album.swift in Sources */,
				1FE864E11CB3819100E013A1 /* RunLoopDemo.swift in Sources */,
				1F0097421CB6A629003A063F /* HorizontalScroller.swift in Sources */,
				1F0097361CB60DBD003A063F /* MainThreadRunLoopSource.swift in Sources */,
				1FB394AB1CCE098C005C1B0E /* GoodsDetailGraphicViewController.swift in Sources */,
				1F5B67C81CACF36E003CFD75 /* EventAndGestureDemo.swift in Sources */,
				1F00972F1CB5EBD2003A063F /* LibraryAPI.swift in Sources */,
				EEF281761C6356170004765A /* Recommend.swift in Sources */,
				1F00971C1CB4A4C6003A063F /* ThreadDemo.swift in Sources */,
				1F5B67D21CAD02FB003CFD75 /* GestureTestView.swift in Sources */,
				1F792CB61C89716A00EE70D4 /* GithubSignupViewModel.swift in Sources */,
				1FAAFB7F1BE85AEA007023B7 /* AppDelegate.swift in Sources */,
				EEF281711C634EFD0004765A /* UnsafePointer.swift in Sources */,
				EEF281701C634EFD0004765A /* FoundationAbout.swift in Sources */,
				1F87A29F1CA3B9EB0001519E /* AppManager.swift in Sources */,
				1F00973A1CB60E0F003A063F /* SecondaryThreadRunLoopSource.swift in Sources */,
				1F139B4C1C814844005E89EB /* Setting.swift in Sources */,
				1F2F692F1C9A86D100A3F432 /* ImageCellViewData.swift in Sources */,
				1F0097291CB56130003A063F /* MusicController.swift in Sources */,
				EEF2816B1C634EFD0004765A /* SwifterController.swift in Sources */,
				1F792CBA1C8991A900EE70D4 /* ValidationResult.swift in Sources */,
				1F5D19E81BF036450049F342 /* FunctionsDemo.swift in Sources */,
				1F1656841CBCCF740015F570 /* NSOperationQueueDemo.swift in Sources */,
				1F5B67DC1CAD0D40003CFD75 /* SimpleGestureRecognizers.swift in Sources */,
				1F289A051CC5C0E000988E82 /* AnimationsDemo.swift in Sources */,
				1FA4A5301BE993040076ECAA /* BasicOperatorsDemo.swift in Sources */,
				1F0097331CB60D75003A063F /* MainCollectionViewController.swift in Sources */,
				1FB8C5651CD089C50020E183 /* CustomTransitionDemo.swift in Sources */,
				EEF2816E1C634EFD0004765A /* RegularExpression.swift in Sources */,
				1F00972D1CB5E894003A063F /* AlbumView.swift in Sources */,
				EEF2816C1C634EFD0004765A /* DemoSingle.swift in Sources */,
				1FA4A5361BEB294A0076ECAA /* CollectionTypesDemo.swift in Sources */,
				1F5B67D81CAD0773003CFD75 /* NSObject+YYKit.swift in Sources */,
				1FF133E11CCB266100AD6822 /* ViewController1.swift in Sources */,
				1F0097381CB60DF5003A063F /* MainThreadRunLoopSourceContext.swift in Sources */,
				1F5B67BE1CACF0D6003CFD75 /* SystemDemo.swift in Sources */,
				EEF281621C634EDC0004765A /* FuncProgramingDemo.swift in Sources */,
				1F2F69301C9A86D100A3F432 /* ImageTableViewCell.swift in Sources */,
				EEC450661C634B6400328F54 /* UIButton+Extension.swift in Sources */,
				1F139B511C873655005E89EB /* String+YYKit.swift in Sources */,
				1FA4A5331BE9D0190076ECAA /* StringsAndCharactersDemo.swift in Sources */,
				1F2F69341C9A86DA00A3F432 /* UITableViewCell+Margins.swift in Sources */,
				1FAF603B1CBB30E20046CF3D /* YYLoggerDemo.swift in Sources */,
				1F289A001CC48A8100988E82 /* ViewGuideDemo.swift in Sources */,
				EEB074AC1C6446D4001CB1ED /* YYAppToken.swift in Sources */,
				1F2F69291C9A7FC400A3F432 /* YYConfigurableTableViewController.swift in Sources */,
				1F139B401C8141CE005E89EB /* ThirdLibDemo.swift in Sources */,
				1F0097471CB8F2B0003A063F /* NSMachPortDemo.swift in Sources */,
				1FAAFBAD1BE85BE5007023B7 /* BaseNavigationController.swift in Sources */,
				1F00971F1CB4A4F0003A063F /* TestThread.swift in Sources */,
				1FB394A91CCE096F005C1B0E /* GoodsViewController.swift in Sources */,
				EEF2816D1C634EFD0004765A /* MemoryManage.swift in Sources */,
				1F2F69311C9A86D100A3F432 /* TextCellViewData.swift in Sources */,
				1F87A2A11CA3B9EB0001519E /* AppColor.swift in Sources */,
				1FB8C5621CD083810020E183 /* YYPresentationAnimator.swift in Sources */,
				1FAAFBB21BE85C3C007023B7 /* YYBaseDemoController.swift in Sources */,
				1FB394A61CCE06C0005C1B0E /* GoodsDetailViewController.swift in Sources */,
				EEB074AA1C6445D6001CB1ED /* Observable+YYNetworking.swift in Sources */,
				1FB8C5711CD1BE8B0020E183 /* YYInteractivityTransition.swift in Sources */,
				1F0097451CB8EF71003A063F /* TestTimer.swift in Sources */,
				EEF2817A1C63567C0004765A /* NetworkDemo.swift in Sources */,
				1F289A031CC48AE300988E82 /* AutoresizingMaskDemo.swift in Sources */,
				EEB074AE1C644B99001CB1ED /* YYApi.swift in Sources */,
				EEC450621C634B1D00328F54 /* main1.swift in Sources */,
				1F5B67C31CACF219003CFD75 /* MainController.swift in Sources */,
				1F5B67C11CACF1A8003CFD75 /* YYBaseTabBarController.swift in Sources */,
				1F5B67D01CAD019D003CFD75 /* GestureDemoChild.swift in Sources */,
				1FAF60271CB940AD0046CF3D /* ThreadSafeDemo.swift in Sources */,
				1F288DA21CB1FD0600180316 /* DeliveryTouchesDemo.swift in Sources */,
				1FAF60381CBB30BF0046CF3D /* YYLogger.swift in Sources */,
				1FB8C56F1CD1B4030020E183 /* YYInteractivityTransitionAnimator.swift in Sources */,
				1FF5D3E71BF9B841007F3766 /* EnumerationsDemo.swift in Sources */,
				1F0097261CB560DB003A063F /* HTTPClient.swift in Sources */,
				1FAAFBB61BE87B31007023B7 /* SwiftLearnDemo.swift in Sources */,
				1F5B67CB1CACF3BC003CFD75 /* GestureDemo.swift in Sources */,
				1F87A2A01CA3B9EB0001519E /* AppConfig.swift in Sources */,
				1FAAFBBB1BE8878A007023B7 /* UITableView+Extension.swift in Sources */,
				1F5A73231CBE178E002B0D19 /* GCDDemo.swift in Sources */,
				1F288DA41CB216C800180316 /* YYCycleGestureRecognizer.swift in Sources */,
				1FF133DF1CCB265500AD6822 /* TableViewController1.swift in Sources */,
				EEC450641C634B4700328F54 /* CommonDataSource.swift in Sources */,
				1F2F69321C9A86D100A3F432 /* TextTableViewCell.swift in Sources */,
				1F5B67D61CAD05BF003CFD75 /* UIView+YYKit.swift in Sources */,
				1F00973C1CB60E28003A063F /* SecondaryThreadRunLoopSourceContext.swift in Sources */,
				1FDB55151BF0E60F0048E1F7 /* ClosuresDemo.swift in Sources */,
				1F792CB81C89761A00EE70D4 /* Wireframe.swift in Sources */,
				1F075BDF1C4B4F480013C815 /* YYLibsDemo.swift in Sources */,
				1F139B4F1C83449E005E89EB /* GitHubAPI.swift in Sources */,
				1FF133DA1CCB25F600AD6822 /* ViewControllerGuideDemo.swift in Sources */,
				1F00973E1CB60E57003A063F /* RunLoopSourceManager.swift in Sources */,
				1FAF60361CBA9FC80046CF3D /* YYRunLoop.m in Sources */,
				1FB8C56D1CD1B3460020E183 /* YYInteractivityTransitionDelegate.swift in Sources */,
				1FB394AD1CCE5867005C1B0E /* NetworkController.swift in Sources */,
				EEF2816F1C634EFD0004765A /* TypeIntroduction.swift in Sources */,
				1F0C134A1CB38C050045FCB7 /* TestRunLoop.swift in Sources */,
				1FB394961CCC6EC0005C1B0E /* NSDate+YYKit.swift in Sources */,
				1F288DA01CAE623000180316 /* YYPanGestureRecognizer.swift in Sources */,
			);
			runOnlyForDeploymentPostprocessing = 0;
		};
		1FAAFB8B1BE85AEB007023B7 /* Sources */ = {
			isa = PBXSourcesBuildPhase;
			buildActionMask = 2147483647;
			files = (
				1FAAFB941BE85AEB007023B7 /* SwiftSumTests.swift in Sources */,
			);
			runOnlyForDeploymentPostprocessing = 0;
		};
		1FAAFB961BE85AEB007023B7 /* Sources */ = {
			isa = PBXSourcesBuildPhase;
			buildActionMask = 2147483647;
			files = (
				1FAAFB9F1BE85AEB007023B7 /* SwiftSumUITests.swift in Sources */,
			);
			runOnlyForDeploymentPostprocessing = 0;
		};
/* End PBXSourcesBuildPhase section */

/* Begin PBXTargetDependency section */
		1FAAFB911BE85AEB007023B7 /* PBXTargetDependency */ = {
			isa = PBXTargetDependency;
			target = 1FAAFB7A1BE85AEA007023B7 /* SwiftSum */;
			targetProxy = 1FAAFB901BE85AEB007023B7 /* PBXContainerItemProxy */;
		};
		1FAAFB9C1BE85AEB007023B7 /* PBXTargetDependency */ = {
			isa = PBXTargetDependency;
			target = 1FAAFB7A1BE85AEA007023B7 /* SwiftSum */;
			targetProxy = 1FAAFB9B1BE85AEB007023B7 /* PBXContainerItemProxy */;
		};
/* End PBXTargetDependency section */

/* Begin PBXVariantGroup section */
		1FAAFB821BE85AEA007023B7 /* Main.storyboard */ = {
			isa = PBXVariantGroup;
			children = (
				1FAAFB831BE85AEA007023B7 /* Base */,
			);
			name = Main.storyboard;
			path = .;
			sourceTree = "<group>";
		};
/* End PBXVariantGroup section */

/* Begin XCBuildConfiguration section */
		1FAAFBA11BE85AEB007023B7 /* Debug */ = {
			isa = XCBuildConfiguration;
			buildSettings = {
				ALWAYS_SEARCH_USER_PATHS = NO;
				CLANG_CXX_LANGUAGE_STANDARD = "gnu++0x";
				CLANG_CXX_LIBRARY = "libc++";
				CLANG_ENABLE_MODULES = YES;
				CLANG_ENABLE_OBJC_ARC = YES;
				CLANG_WARN_BOOL_CONVERSION = YES;
				CLANG_WARN_CONSTANT_CONVERSION = YES;
				CLANG_WARN_DIRECT_OBJC_ISA_USAGE = YES_ERROR;
				CLANG_WARN_EMPTY_BODY = YES;
				CLANG_WARN_ENUM_CONVERSION = YES;
				CLANG_WARN_INT_CONVERSION = YES;
				CLANG_WARN_OBJC_ROOT_CLASS = YES_ERROR;
				CLANG_WARN_UNREACHABLE_CODE = YES;
				CLANG_WARN__DUPLICATE_METHOD_MATCH = YES;
				"CODE_SIGN_IDENTITY[sdk=iphoneos*]" = "iPhone Developer";
				COPY_PHASE_STRIP = NO;
				DEBUG_INFORMATION_FORMAT = dwarf;
				ENABLE_STRICT_OBJC_MSGSEND = YES;
				ENABLE_TESTABILITY = YES;
				GCC_C_LANGUAGE_STANDARD = gnu99;
				GCC_DYNAMIC_NO_PIC = NO;
				GCC_NO_COMMON_BLOCKS = YES;
				GCC_OPTIMIZATION_LEVEL = 0;
				GCC_PREPROCESSOR_DEFINITIONS = (
					"DEBUG=1",
					"$(inherited)",
				);
				GCC_WARN_64_TO_32_BIT_CONVERSION = YES;
				GCC_WARN_ABOUT_RETURN_TYPE = YES_ERROR;
				GCC_WARN_UNDECLARED_SELECTOR = YES;
				GCC_WARN_UNINITIALIZED_AUTOS = YES_AGGRESSIVE;
				GCC_WARN_UNUSED_FUNCTION = YES;
				GCC_WARN_UNUSED_VARIABLE = YES;
				IPHONEOS_DEPLOYMENT_TARGET = 9.1;
				MTL_ENABLE_DEBUG_INFO = YES;
				ONLY_ACTIVE_ARCH = YES;
				SDKROOT = iphoneos;
				SWIFT_OPTIMIZATION_LEVEL = "-Onone";
			};
			name = Debug;
		};
		1FAAFBA21BE85AEB007023B7 /* Release */ = {
			isa = XCBuildConfiguration;
			buildSettings = {
				ALWAYS_SEARCH_USER_PATHS = NO;
				CLANG_CXX_LANGUAGE_STANDARD = "gnu++0x";
				CLANG_CXX_LIBRARY = "libc++";
				CLANG_ENABLE_MODULES = YES;
				CLANG_ENABLE_OBJC_ARC = YES;
				CLANG_WARN_BOOL_CONVERSION = YES;
				CLANG_WARN_CONSTANT_CONVERSION = YES;
				CLANG_WARN_DIRECT_OBJC_ISA_USAGE = YES_ERROR;
				CLANG_WARN_EMPTY_BODY = YES;
				CLANG_WARN_ENUM_CONVERSION = YES;
				CLANG_WARN_INT_CONVERSION = YES;
				CLANG_WARN_OBJC_ROOT_CLASS = YES_ERROR;
				CLANG_WARN_UNREACHABLE_CODE = YES;
				CLANG_WARN__DUPLICATE_METHOD_MATCH = YES;
				"CODE_SIGN_IDENTITY[sdk=iphoneos*]" = "iPhone Developer";
				COPY_PHASE_STRIP = NO;
				DEBUG_INFORMATION_FORMAT = "dwarf-with-dsym";
				ENABLE_NS_ASSERTIONS = NO;
				ENABLE_STRICT_OBJC_MSGSEND = YES;
				GCC_C_LANGUAGE_STANDARD = gnu99;
				GCC_NO_COMMON_BLOCKS = YES;
				GCC_WARN_64_TO_32_BIT_CONVERSION = YES;
				GCC_WARN_ABOUT_RETURN_TYPE = YES_ERROR;
				GCC_WARN_UNDECLARED_SELECTOR = YES;
				GCC_WARN_UNINITIALIZED_AUTOS = YES_AGGRESSIVE;
				GCC_WARN_UNUSED_FUNCTION = YES;
				GCC_WARN_UNUSED_VARIABLE = YES;
				IPHONEOS_DEPLOYMENT_TARGET = 9.1;
				MTL_ENABLE_DEBUG_INFO = NO;
				SDKROOT = iphoneos;
				VALIDATE_PRODUCT = YES;
			};
			name = Release;
		};
		1FAAFBA41BE85AEB007023B7 /* Debug */ = {
			isa = XCBuildConfiguration;
			baseConfigurationReference = 17B50F287DB4AB47FFE3E73B /* Pods-SwiftSum.debug.xcconfig */;
			buildSettings = {
				ASSETCATALOG_COMPILER_APPICON_NAME = AppIcon;
				CLANG_ENABLE_MODULES = YES;
				CODE_SIGN_IDENTITY = "iPhone Developer";
				"CODE_SIGN_IDENTITY[sdk=iphoneos*]" = "iPhone Distribution: Sichuan Dingcheng Forensic Institution";
				ENABLE_BITCODE = NO;
				INFOPLIST_FILE = SwiftSum/App/Info.plist;
				IPHONEOS_DEPLOYMENT_TARGET = 8.0;
				LD_RUNPATH_SEARCH_PATHS = "$(inherited) @executable_path/Frameworks";
				PRODUCT_BUNDLE_IDENTIFIER = com.huan.SwiftSum;
				PRODUCT_NAME = "$(TARGET_NAME)";
				PROVISIONING_PROFILE = "e4c90994-3c60-44b9-a418-b2d0fe50b2be";
				SWIFT_OPTIMIZATION_LEVEL = "-Onone";
			};
			name = Debug;
		};
		1FAAFBA51BE85AEB007023B7 /* Release */ = {
			isa = XCBuildConfiguration;
			baseConfigurationReference = 0533D2FD75DE83649AAC442D /* Pods-SwiftSum.release.xcconfig */;
			buildSettings = {
				ASSETCATALOG_COMPILER_APPICON_NAME = AppIcon;
				CLANG_ENABLE_MODULES = YES;
				CODE_SIGN_IDENTITY = "iPhone Distribution: Sichuan Dingcheng Forensic Institution";
				"CODE_SIGN_IDENTITY[sdk=iphoneos*]" = "iPhone Distribution: Sichuan Dingcheng Forensic Institution";
				ENABLE_BITCODE = NO;
				INFOPLIST_FILE = SwiftSum/App/Info.plist;
				IPHONEOS_DEPLOYMENT_TARGET = 8.0;
				LD_RUNPATH_SEARCH_PATHS = "$(inherited) @executable_path/Frameworks";
				PRODUCT_BUNDLE_IDENTIFIER = com.huan.SwiftSum;
				PRODUCT_NAME = "$(TARGET_NAME)";
				PROVISIONING_PROFILE = "e4c90994-3c60-44b9-a418-b2d0fe50b2be";
			};
			name = Release;
		};
		1FAAFBA71BE85AEB007023B7 /* Debug */ = {
			isa = XCBuildConfiguration;
			buildSettings = {
				BUNDLE_LOADER = "$(TEST_HOST)";
				INFOPLIST_FILE = SwiftSumTests/Info.plist;
				LD_RUNPATH_SEARCH_PATHS = "$(inherited) @executable_path/Frameworks @loader_path/Frameworks";
				PRODUCT_BUNDLE_IDENTIFIER = com.huan.SwiftSumTests;
				PRODUCT_NAME = "$(TARGET_NAME)";
				TEST_HOST = "$(BUILT_PRODUCTS_DIR)/SwiftSum.app/SwiftSum";
			};
			name = Debug;
		};
		1FAAFBA81BE85AEB007023B7 /* Release */ = {
			isa = XCBuildConfiguration;
			buildSettings = {
				BUNDLE_LOADER = "$(TEST_HOST)";
				INFOPLIST_FILE = SwiftSumTests/Info.plist;
				LD_RUNPATH_SEARCH_PATHS = "$(inherited) @executable_path/Frameworks @loader_path/Frameworks";
				PRODUCT_BUNDLE_IDENTIFIER = com.huan.SwiftSumTests;
				PRODUCT_NAME = "$(TARGET_NAME)";
				TEST_HOST = "$(BUILT_PRODUCTS_DIR)/SwiftSum.app/SwiftSum";
			};
			name = Release;
		};
		1FAAFBAA1BE85AEB007023B7 /* Debug */ = {
			isa = XCBuildConfiguration;
			buildSettings = {
				INFOPLIST_FILE = SwiftSumUITests/Info.plist;
				LD_RUNPATH_SEARCH_PATHS = "$(inherited) @executable_path/Frameworks @loader_path/Frameworks";
				PRODUCT_BUNDLE_IDENTIFIER = com.huan.SwiftSumUITests;
				PRODUCT_NAME = "$(TARGET_NAME)";
				TEST_TARGET_NAME = SwiftSum;
				USES_XCTRUNNER = YES;
			};
			name = Debug;
		};
		1FAAFBAB1BE85AEB007023B7 /* Release */ = {
			isa = XCBuildConfiguration;
			buildSettings = {
				INFOPLIST_FILE = SwiftSumUITests/Info.plist;
				LD_RUNPATH_SEARCH_PATHS = "$(inherited) @executable_path/Frameworks @loader_path/Frameworks";
				PRODUCT_BUNDLE_IDENTIFIER = com.huan.SwiftSumUITests;
				PRODUCT_NAME = "$(TARGET_NAME)";
				TEST_TARGET_NAME = SwiftSum;
				USES_XCTRUNNER = YES;
			};
			name = Release;
		};
/* End XCBuildConfiguration section */

/* Begin XCConfigurationList section */
		1FAAFB761BE85AEA007023B7 /* Build configuration list for PBXProject "SwiftSum" */ = {
			isa = XCConfigurationList;
			buildConfigurations = (
				1FAAFBA11BE85AEB007023B7 /* Debug */,
				1FAAFBA21BE85AEB007023B7 /* Release */,
			);
			defaultConfigurationIsVisible = 0;
			defaultConfigurationName = Release;
		};
		1FAAFBA31BE85AEB007023B7 /* Build configuration list for PBXNativeTarget "SwiftSum" */ = {
			isa = XCConfigurationList;
			buildConfigurations = (
				1FAAFBA41BE85AEB007023B7 /* Debug */,
				1FAAFBA51BE85AEB007023B7 /* Release */,
			);
			defaultConfigurationIsVisible = 0;
			defaultConfigurationName = Release;
		};
		1FAAFBA61BE85AEB007023B7 /* Build configuration list for PBXNativeTarget "SwiftSumTests" */ = {
			isa = XCConfigurationList;
			buildConfigurations = (
				1FAAFBA71BE85AEB007023B7 /* Debug */,
				1FAAFBA81BE85AEB007023B7 /* Release */,
			);
			defaultConfigurationIsVisible = 0;
			defaultConfigurationName = Release;
		};
		1FAAFBA91BE85AEB007023B7 /* Build configuration list for PBXNativeTarget "SwiftSumUITests" */ = {
			isa = XCConfigurationList;
			buildConfigurations = (
				1FAAFBAA1BE85AEB007023B7 /* Debug */,
				1FAAFBAB1BE85AEB007023B7 /* Release */,
			);
			defaultConfigurationIsVisible = 0;
			defaultConfigurationName = Release;
		};
/* End XCConfigurationList section */
	};
	rootObject = 1FAAFB731BE85AEA007023B7 /* Project object */;
}
